// !$*UTF8*$!
{
	archiveVersion = 1;
	classes = {
	};
	objectVersion = 56;
	objects = {

/* Begin PBXBuildFile section */
		344EB2812C8C031D001C72AC /* ChangeAppIconView.swift in Sources */ = {isa = PBXBuildFile; fileRef = 344EB2802C8C031D001C72AC /* ChangeAppIconView.swift */; };
		34605BD72C1B0CA6003EA9B0 /* iCalendarParser in Frameworks */ = {isa = PBXBuildFile; productRef = 34605BD62C1B0CA6003EA9B0 /* iCalendarParser */; };
		34605BDA2C1BEA5E003EA9B0 /* ChangeGradeSettingsView.swift in Sources */ = {isa = PBXBuildFile; fileRef = 34605BD92C1BEA5E003EA9B0 /* ChangeGradeSettingsView.swift */; };
		34605BDC2C1C5B04003EA9B0 /* ChangeProfileView.swift in Sources */ = {isa = PBXBuildFile; fileRef = 34605BDB2C1C5B04003EA9B0 /* ChangeProfileView.swift */; };
		34605BDE2C1DD639003EA9B0 /* IGShareView.swift in Sources */ = {isa = PBXBuildFile; fileRef = 34605BDD2C1DD639003EA9B0 /* IGShareView.swift */; };
		34605BE02C269353003EA9B0 /* LunchClubDetailsView.swift in Sources */ = {isa = PBXBuildFile; fileRef = 34605BDF2C269353003EA9B0 /* LunchClubDetailsView.swift */; };
		34662D8C2C7A0B0C0090DF3B /* Cluber_for_WatchApp.swift in Sources */ = {isa = PBXBuildFile; fileRef = 34662D8B2C7A0B0C0090DF3B /* Cluber_for_WatchApp.swift */; };
		34662D902C7A0B0D0090DF3B /* Assets.xcassets in Resources */ = {isa = PBXBuildFile; fileRef = 34662D8F2C7A0B0D0090DF3B /* Assets.xcassets */; };
		34662D932C7A0B0D0090DF3B /* Preview Assets.xcassets in Resources */ = {isa = PBXBuildFile; fileRef = 34662D922C7A0B0D0090DF3B /* Preview Assets.xcassets */; };
		34662D9D2C7A0B0D0090DF3B /* Cluber_for_Watch_Watch_AppTests.swift in Sources */ = {isa = PBXBuildFile; fileRef = 34662D9C2C7A0B0D0090DF3B /* Cluber_for_Watch_Watch_AppTests.swift */; };
		34662DA72C7A0B0D0090DF3B /* Cluber_for_Watch_Watch_AppUITests.swift in Sources */ = {isa = PBXBuildFile; fileRef = 34662DA62C7A0B0D0090DF3B /* Cluber_for_Watch_Watch_AppUITests.swift */; };
		34662DA92C7A0B0D0090DF3B /* Cluber_for_Watch_Watch_AppUITestsLaunchTests.swift in Sources */ = {isa = PBXBuildFile; fileRef = 34662DA82C7A0B0D0090DF3B /* Cluber_for_Watch_Watch_AppUITestsLaunchTests.swift */; };
		34662DAC2C7A0B0D0090DF3B /* Luncher.app in Embed Watch Content */ = {isa = PBXBuildFile; fileRef = 34662D892C7A0B0C0090DF3B /* Luncher.app */; settings = {ATTRIBUTES = (RemoveHeadersOnCopy, ); }; };
		34662DCB2C7B72FA0090DF3B /* ContentView.swift in Sources */ = {isa = PBXBuildFile; fileRef = 34662DCA2C7B72FA0090DF3B /* ContentView.swift */; };
		34662DDE2C7B732B0090DF3B /* LunchMenuView.swift in Sources */ = {isa = PBXBuildFile; fileRef = 34662DD32C7B732B0090DF3B /* LunchMenuView.swift */; };
		34662DDF2C7B732B0090DF3B /* LunchModel.swift in Sources */ = {isa = PBXBuildFile; fileRef = 34662DD42C7B732B0090DF3B /* LunchModel.swift */; };
		34662DE02C7B732B0090DF3B /* LunchRowView.swift in Sources */ = {isa = PBXBuildFile; fileRef = 34662DD52C7B732B0090DF3B /* LunchRowView.swift */; };
		34662DEB2C7BF0B40090DF3B /* calendarData.swift in Sources */ = {isa = PBXBuildFile; fileRef = 34662DE42C7BF0B40090DF3B /* calendarData.swift */; };
		34662DEC2C7BF0B40090DF3B /* CalendarJSONHelper.swift in Sources */ = {isa = PBXBuildFile; fileRef = 34662DE52C7BF0B40090DF3B /* CalendarJSONHelper.swift */; };
		34662DED2C7BF0B40090DF3B /* CalendarModel.swift in Sources */ = {isa = PBXBuildFile; fileRef = 34662DE62C7BF0B40090DF3B /* CalendarModel.swift */; };
		34662DEE2C7BF0B40090DF3B /* CalendarRowView.swift in Sources */ = {isa = PBXBuildFile; fileRef = 34662DE72C7BF0B40090DF3B /* CalendarRowView.swift */; };
		34662DEF2C7BF0B40090DF3B /* DateExtension.swift in Sources */ = {isa = PBXBuildFile; fileRef = 34662DE82C7BF0B40090DF3B /* DateExtension.swift */; };
		34662DF02C7BF0B40090DF3B /* GetCalendar.swift in Sources */ = {isa = PBXBuildFile; fileRef = 34662DE92C7BF0B40090DF3B /* GetCalendar.swift */; };
		347590E32C58076500924CB4 /* ConfettiSwiftUI in Frameworks */ = {isa = PBXBuildFile; productRef = 347590E22C58076500924CB4 /* ConfettiSwiftUI */; };
		348324FA2BFAF20A005BAA45 /* SettingsView.swift in Sources */ = {isa = PBXBuildFile; fileRef = 348324F92BFAF20A005BAA45 /* SettingsView.swift */; };
		348B73122C3E741D001CBCFE /* LunchModel.swift in Sources */ = {isa = PBXBuildFile; fileRef = 348B73112C3E741D001CBCFE /* LunchModel.swift */; };
		349CAFE82C0BEC1F00642E1B /* ASAData.swift in Sources */ = {isa = PBXBuildFile; fileRef = 349CAFE72C0BEC1F00642E1B /* ASAData.swift */; };
		34B2AB4D2BD7E1F400821D81 /* CluberApp.swift in Sources */ = {isa = PBXBuildFile; fileRef = 34B2AB4C2BD7E1F400821D81 /* CluberApp.swift */; };
		34B2AB512BD7E1F500821D81 /* Assets.xcassets in Resources */ = {isa = PBXBuildFile; fileRef = 34B2AB502BD7E1F500821D81 /* Assets.xcassets */; };
		34B2AB542BD7E1F500821D81 /* Preview Assets.xcassets in Resources */ = {isa = PBXBuildFile; fileRef = 34B2AB532BD7E1F500821D81 /* Preview Assets.xcassets */; };
		34B2AB772BD7E23100821D81 /* HomeView.swift in Sources */ = {isa = PBXBuildFile; fileRef = 34B2AB762BD7E23100821D81 /* HomeView.swift */; };
		34B2AB792BD7E24400821D81 /* LunchClubView.swift in Sources */ = {isa = PBXBuildFile; fileRef = 34B2AB782BD7E24400821D81 /* LunchClubView.swift */; };
		34B2AB7B2BD7E24900821D81 /* ASAView.swift in Sources */ = {isa = PBXBuildFile; fileRef = 34B2AB7A2BD7E24900821D81 /* ASAView.swift */; };
		34B2AB7D2BD7E25100821D81 /* LunchView.swift in Sources */ = {isa = PBXBuildFile; fileRef = 34B2AB7C2BD7E25100821D81 /* LunchView.swift */; };
		34B2AB7F2BD7E35600821D81 /* ContentView.swift in Sources */ = {isa = PBXBuildFile; fileRef = 34B2AB7E2BD7E35600821D81 /* ContentView.swift */; };
		34B2AB812BD7E76900821D81 /* LunchClubData.swift in Sources */ = {isa = PBXBuildFile; fileRef = 34B2AB802BD7E76900821D81 /* LunchClubData.swift */; };
		34B2AB842BD9062A00821D81 /* ClubView.swift in Sources */ = {isa = PBXBuildFile; fileRef = 34B2AB832BD9062A00821D81 /* ClubView.swift */; };
		34B2ABC72BE7C6C100821D81 /* LunchData.swift in Sources */ = {isa = PBXBuildFile; fileRef = 34B2ABC62BE7C6C100821D81 /* LunchData.swift */; };
		34B2ABC92BE8B77F00821D81 /* OnboardingView.swift in Sources */ = {isa = PBXBuildFile; fileRef = 34B2ABC82BE8B77F00821D81 /* OnboardingView.swift */; };
		34B2ABCD2BEA5C0500821D81 /* UsernameGradeClass.swift in Sources */ = {isa = PBXBuildFile; fileRef = 34B2ABCC2BEA5C0500821D81 /* UsernameGradeClass.swift */; };
		34C923542C840E780056CF3A /* ScheduleView.swift in Sources */ = {isa = PBXBuildFile; fileRef = 34C923532C840E780056CF3A /* ScheduleView.swift */; };
		34CCAA332C4A79D200F7E17F /* LunchRowView.swift in Sources */ = {isa = PBXBuildFile; fileRef = 34CCAA322C4A79D200F7E17F /* LunchRowView.swift */; };
		34ED017E2C3D0EE80021D1DD /* CalendarJSONHelper.swift in Sources */ = {isa = PBXBuildFile; fileRef = 34ED017D2C3D0EE80021D1DD /* CalendarJSONHelper.swift */; };
		34ED01802C3D12540021D1DD /* CalendarModel.swift in Sources */ = {isa = PBXBuildFile; fileRef = 34ED017F2C3D12540021D1DD /* CalendarModel.swift */; };
		34ED01832C3D127B0021D1DD /* GetCalendar.swift in Sources */ = {isa = PBXBuildFile; fileRef = 34ED01822C3D127B0021D1DD /* GetCalendar.swift */; };
		34ED01852C3D128E0021D1DD /* CalendarRowView.swift in Sources */ = {isa = PBXBuildFile; fileRef = 34ED01842C3D128E0021D1DD /* CalendarRowView.swift */; };
		34ED01872C3D12A10021D1DD /* DateExtension.swift in Sources */ = {isa = PBXBuildFile; fileRef = 34ED01862C3D12A10021D1DD /* DateExtension.swift */; };
/* End PBXBuildFile section */

/* Begin PBXContainerItemProxy section */
		34662D992C7A0B0D0090DF3B /* PBXContainerItemProxy */ = {
			isa = PBXContainerItemProxy;
			containerPortal = 34B2AB412BD7E1F400821D81 /* Project object */;
			proxyType = 1;
			remoteGlobalIDString = 34662D882C7A0B0C0090DF3B;
			remoteInfo = "Cluber for Watch Watch App";
		};
		34662DA32C7A0B0D0090DF3B /* PBXContainerItemProxy */ = {
			isa = PBXContainerItemProxy;
			containerPortal = 34B2AB412BD7E1F400821D81 /* Project object */;
			proxyType = 1;
			remoteGlobalIDString = 34662D882C7A0B0C0090DF3B;
			remoteInfo = "Cluber for Watch Watch App";
		};
		34662DE22C7B859F0090DF3B /* PBXContainerItemProxy */ = {
			isa = PBXContainerItemProxy;
			containerPortal = 34B2AB412BD7E1F400821D81 /* Project object */;
			proxyType = 1;
			remoteGlobalIDString = 34662D882C7A0B0C0090DF3B;
			remoteInfo = "Cluber for Watch Watch App";
		};
		34B2AB5A2BD7E1F600821D81 /* PBXContainerItemProxy */ = {
			isa = PBXContainerItemProxy;
			containerPortal = 34B2AB412BD7E1F400821D81 /* Project object */;
			proxyType = 1;
			remoteGlobalIDString = 34B2AB482BD7E1F400821D81;
			remoteInfo = Cluber;
		};
		34B2AB642BD7E1F600821D81 /* PBXContainerItemProxy */ = {
			isa = PBXContainerItemProxy;
			containerPortal = 34B2AB412BD7E1F400821D81 /* Project object */;
			proxyType = 1;
			remoteGlobalIDString = 34B2AB482BD7E1F400821D81;
			remoteInfo = Cluber;
		};
/* End PBXContainerItemProxy section */

/* Begin PBXCopyFilesBuildPhase section */
		346568122C5F798B00B2FD40 /* Embed Foundation Extensions */ = {
			isa = PBXCopyFilesBuildPhase;
			buildActionMask = 2147483647;
			dstPath = "";
			dstSubfolderSpec = 13;
			files = (
			);
			name = "Embed Foundation Extensions";
			runOnlyForDeploymentPostprocessing = 0;
		};
		346890412C79F9DC006BA894 /* Embed Watch Content */ = {
			isa = PBXCopyFilesBuildPhase;
			buildActionMask = 2147483647;
			dstPath = "$(CONTENTS_FOLDER_PATH)/Watch";
			dstSubfolderSpec = 16;
			files = (
				34662DAC2C7A0B0D0090DF3B /* Luncher.app in Embed Watch Content */,
			);
			name = "Embed Watch Content";
			runOnlyForDeploymentPostprocessing = 0;
		};
/* End PBXCopyFilesBuildPhase section */

/* Begin PBXFileReference section */
		344EB2802C8C031D001C72AC /* ChangeAppIconView.swift */ = {isa = PBXFileReference; lastKnownFileType = sourcecode.swift; path = ChangeAppIconView.swift; sourceTree = "<group>"; };
		34605BD92C1BEA5E003EA9B0 /* ChangeGradeSettingsView.swift */ = {isa = PBXFileReference; lastKnownFileType = sourcecode.swift; path = ChangeGradeSettingsView.swift; sourceTree = "<group>"; };
		34605BDB2C1C5B04003EA9B0 /* ChangeProfileView.swift */ = {isa = PBXFileReference; lastKnownFileType = sourcecode.swift; path = ChangeProfileView.swift; sourceTree = "<group>"; };
		34605BDD2C1DD639003EA9B0 /* IGShareView.swift */ = {isa = PBXFileReference; lastKnownFileType = sourcecode.swift; path = IGShareView.swift; sourceTree = "<group>"; };
		34605BDF2C269353003EA9B0 /* LunchClubDetailsView.swift */ = {isa = PBXFileReference; lastKnownFileType = sourcecode.swift; path = LunchClubDetailsView.swift; sourceTree = "<group>"; };
		346567FF2C5F798900B2FD40 /* WidgetKit.framework */ = {isa = PBXFileReference; lastKnownFileType = wrapper.framework; name = WidgetKit.framework; path = System/Library/Frameworks/WidgetKit.framework; sourceTree = SDKROOT; };
		346568012C5F798900B2FD40 /* SwiftUI.framework */ = {isa = PBXFileReference; lastKnownFileType = wrapper.framework; name = SwiftUI.framework; path = System/Library/Frameworks/SwiftUI.framework; sourceTree = SDKROOT; };
		34662D892C7A0B0C0090DF3B /* Luncher.app */ = {isa = PBXFileReference; explicitFileType = wrapper.application; includeInIndex = 0; path = Luncher.app; sourceTree = BUILT_PRODUCTS_DIR; };
		34662D8B2C7A0B0C0090DF3B /* Cluber_for_WatchApp.swift */ = {isa = PBXFileReference; lastKnownFileType = sourcecode.swift; path = Cluber_for_WatchApp.swift; sourceTree = "<group>"; };
		34662D8F2C7A0B0D0090DF3B /* Assets.xcassets */ = {isa = PBXFileReference; lastKnownFileType = folder.assetcatalog; path = Assets.xcassets; sourceTree = "<group>"; };
		34662D922C7A0B0D0090DF3B /* Preview Assets.xcassets */ = {isa = PBXFileReference; lastKnownFileType = folder.assetcatalog; path = "Preview Assets.xcassets"; sourceTree = "<group>"; };
		34662D982C7A0B0D0090DF3B /* Cluber for Watch Watch AppTests.xctest */ = {isa = PBXFileReference; explicitFileType = wrapper.cfbundle; includeInIndex = 0; path = "Cluber for Watch Watch AppTests.xctest"; sourceTree = BUILT_PRODUCTS_DIR; };
		34662D9C2C7A0B0D0090DF3B /* Cluber_for_Watch_Watch_AppTests.swift */ = {isa = PBXFileReference; lastKnownFileType = sourcecode.swift; path = Cluber_for_Watch_Watch_AppTests.swift; sourceTree = "<group>"; };
		34662DA22C7A0B0D0090DF3B /* Cluber for Watch Watch AppUITests.xctest */ = {isa = PBXFileReference; explicitFileType = wrapper.cfbundle; includeInIndex = 0; path = "Cluber for Watch Watch AppUITests.xctest"; sourceTree = BUILT_PRODUCTS_DIR; };
		34662DA62C7A0B0D0090DF3B /* Cluber_for_Watch_Watch_AppUITests.swift */ = {isa = PBXFileReference; lastKnownFileType = sourcecode.swift; path = Cluber_for_Watch_Watch_AppUITests.swift; sourceTree = "<group>"; };
		34662DA82C7A0B0D0090DF3B /* Cluber_for_Watch_Watch_AppUITestsLaunchTests.swift */ = {isa = PBXFileReference; lastKnownFileType = sourcecode.swift; path = Cluber_for_Watch_Watch_AppUITestsLaunchTests.swift; sourceTree = "<group>"; };
		34662DCA2C7B72FA0090DF3B /* ContentView.swift */ = {isa = PBXFileReference; lastKnownFileType = sourcecode.swift; path = ContentView.swift; sourceTree = "<group>"; };
		34662DD32C7B732B0090DF3B /* LunchMenuView.swift */ = {isa = PBXFileReference; fileEncoding = 4; lastKnownFileType = sourcecode.swift; path = LunchMenuView.swift; sourceTree = "<group>"; };
		34662DD42C7B732B0090DF3B /* LunchModel.swift */ = {isa = PBXFileReference; fileEncoding = 4; lastKnownFileType = sourcecode.swift; path = LunchModel.swift; sourceTree = "<group>"; };
		34662DD52C7B732B0090DF3B /* LunchRowView.swift */ = {isa = PBXFileReference; fileEncoding = 4; lastKnownFileType = sourcecode.swift; path = LunchRowView.swift; sourceTree = "<group>"; };
		34662DE42C7BF0B40090DF3B /* calendarData.swift */ = {isa = PBXFileReference; fileEncoding = 4; lastKnownFileType = sourcecode.swift; path = calendarData.swift; sourceTree = "<group>"; };
		34662DE52C7BF0B40090DF3B /* CalendarJSONHelper.swift */ = {isa = PBXFileReference; fileEncoding = 4; lastKnownFileType = sourcecode.swift; path = CalendarJSONHelper.swift; sourceTree = "<group>"; };
		34662DE62C7BF0B40090DF3B /* CalendarModel.swift */ = {isa = PBXFileReference; fileEncoding = 4; lastKnownFileType = sourcecode.swift; path = CalendarModel.swift; sourceTree = "<group>"; };
		34662DE72C7BF0B40090DF3B /* CalendarRowView.swift */ = {isa = PBXFileReference; fileEncoding = 4; lastKnownFileType = sourcecode.swift; path = CalendarRowView.swift; sourceTree = "<group>"; };
		34662DE82C7BF0B40090DF3B /* DateExtension.swift */ = {isa = PBXFileReference; fileEncoding = 4; lastKnownFileType = sourcecode.swift; path = DateExtension.swift; sourceTree = "<group>"; };
		34662DE92C7BF0B40090DF3B /* GetCalendar.swift */ = {isa = PBXFileReference; fileEncoding = 4; lastKnownFileType = sourcecode.swift; path = GetCalendar.swift; sourceTree = "<group>"; };
		346C47BD2C6323FE00440CC8 /* Info.plist */ = {isa = PBXFileReference; lastKnownFileType = text.plist; path = Info.plist; sourceTree = "<group>"; };
		347A1F482CB2A19700F9675D /* Cluber.entitlements */ = {isa = PBXFileReference; lastKnownFileType = text.plist.entitlements; path = Cluber.entitlements; sourceTree = "<group>"; };
		348324F92BFAF20A005BAA45 /* SettingsView.swift */ = {isa = PBXFileReference; lastKnownFileType = sourcecode.swift; path = SettingsView.swift; sourceTree = "<group>"; };
		348B73112C3E741D001CBCFE /* LunchModel.swift */ = {isa = PBXFileReference; lastKnownFileType = sourcecode.swift; path = LunchModel.swift; sourceTree = "<group>"; };
		349CAFE72C0BEC1F00642E1B /* ASAData.swift */ = {isa = PBXFileReference; lastKnownFileType = sourcecode.swift; path = ASAData.swift; sourceTree = "<group>"; };
		34B2AB492BD7E1F400821D81 /* Cluber.app */ = {isa = PBXFileReference; explicitFileType = wrapper.application; includeInIndex = 0; path = Cluber.app; sourceTree = BUILT_PRODUCTS_DIR; };
		34B2AB4C2BD7E1F400821D81 /* CluberApp.swift */ = {isa = PBXFileReference; lastKnownFileType = sourcecode.swift; path = CluberApp.swift; sourceTree = "<group>"; };
		34B2AB502BD7E1F500821D81 /* Assets.xcassets */ = {isa = PBXFileReference; lastKnownFileType = folder.assetcatalog; path = Assets.xcassets; sourceTree = "<group>"; };
		34B2AB532BD7E1F500821D81 /* Preview Assets.xcassets */ = {isa = PBXFileReference; lastKnownFileType = folder.assetcatalog; path = "Preview Assets.xcassets"; sourceTree = "<group>"; };
		34B2AB592BD7E1F600821D81 /* CluberTests.xctest */ = {isa = PBXFileReference; explicitFileType = wrapper.cfbundle; includeInIndex = 0; path = CluberTests.xctest; sourceTree = BUILT_PRODUCTS_DIR; };
		34B2AB632BD7E1F600821D81 /* CluberUITests.xctest */ = {isa = PBXFileReference; explicitFileType = wrapper.cfbundle; includeInIndex = 0; path = CluberUITests.xctest; sourceTree = BUILT_PRODUCTS_DIR; };
		34B2AB762BD7E23100821D81 /* HomeView.swift */ = {isa = PBXFileReference; lastKnownFileType = sourcecode.swift; path = HomeView.swift; sourceTree = "<group>"; };
		34B2AB782BD7E24400821D81 /* LunchClubView.swift */ = {isa = PBXFileReference; lastKnownFileType = sourcecode.swift; path = LunchClubView.swift; sourceTree = "<group>"; };
		34B2AB7A2BD7E24900821D81 /* ASAView.swift */ = {isa = PBXFileReference; lastKnownFileType = sourcecode.swift; path = ASAView.swift; sourceTree = "<group>"; };
		34B2AB7C2BD7E25100821D81 /* LunchView.swift */ = {isa = PBXFileReference; lastKnownFileType = sourcecode.swift; path = LunchView.swift; sourceTree = "<group>"; };
		34B2AB7E2BD7E35600821D81 /* ContentView.swift */ = {isa = PBXFileReference; lastKnownFileType = sourcecode.swift; path = ContentView.swift; sourceTree = "<group>"; };
		34B2AB802BD7E76900821D81 /* LunchClubData.swift */ = {isa = PBXFileReference; lastKnownFileType = sourcecode.swift; path = LunchClubData.swift; sourceTree = "<group>"; };
		34B2AB832BD9062A00821D81 /* ClubView.swift */ = {isa = PBXFileReference; lastKnownFileType = sourcecode.swift; path = ClubView.swift; sourceTree = "<group>"; };
		34B2ABC62BE7C6C100821D81 /* LunchData.swift */ = {isa = PBXFileReference; lastKnownFileType = sourcecode.swift; path = LunchData.swift; sourceTree = "<group>"; };
		34B2ABC82BE8B77F00821D81 /* OnboardingView.swift */ = {isa = PBXFileReference; lastKnownFileType = sourcecode.swift; path = OnboardingView.swift; sourceTree = "<group>"; };
		34B2ABCC2BEA5C0500821D81 /* UsernameGradeClass.swift */ = {isa = PBXFileReference; lastKnownFileType = sourcecode.swift; path = UsernameGradeClass.swift; sourceTree = "<group>"; };
		34C923532C840E780056CF3A /* ScheduleView.swift */ = {isa = PBXFileReference; lastKnownFileType = sourcecode.swift; path = ScheduleView.swift; sourceTree = "<group>"; };
		34CCAA322C4A79D200F7E17F /* LunchRowView.swift */ = {isa = PBXFileReference; lastKnownFileType = sourcecode.swift; path = LunchRowView.swift; sourceTree = "<group>"; };
		34DFD9642C93CD3A00F98347 /* Cluber_for_DISApp.swift */ = {isa = PBXFileReference; lastKnownFileType = sourcecode.swift; path = Cluber_for_DISApp.swift; sourceTree = "<group>"; };
		34DFD9752C93CD3B00F98347 /* Cluber_for_DISTests.swift */ = {isa = PBXFileReference; lastKnownFileType = sourcecode.swift; path = Cluber_for_DISTests.swift; sourceTree = "<group>"; };
		34DFD97F2C93CD3B00F98347 /* Cluber_for_DISUITests.swift */ = {isa = PBXFileReference; lastKnownFileType = sourcecode.swift; path = Cluber_for_DISUITests.swift; sourceTree = "<group>"; };
		34DFD9812C93CD3B00F98347 /* Cluber_for_DISUITestsLaunchTests.swift */ = {isa = PBXFileReference; lastKnownFileType = sourcecode.swift; path = Cluber_for_DISUITestsLaunchTests.swift; sourceTree = "<group>"; };
		34DFD98C2C93CDAF00F98347 /* Preview Assets.xcassets */ = {isa = PBXFileReference; lastKnownFileType = folder.assetcatalog; path = "Preview Assets.xcassets"; sourceTree = "<group>"; };
		34DFD98E2C93CDAF00F98347 /* WelcomeView.swift */ = {isa = PBXFileReference; fileEncoding = 4; lastKnownFileType = sourcecode.swift; path = WelcomeView.swift; sourceTree = "<group>"; };
		34DFD98F2C93CDAF00F98347 /* Cluber_for_DISApp.swift */ = {isa = PBXFileReference; fileEncoding = 4; lastKnownFileType = sourcecode.swift; path = Cluber_for_DISApp.swift; sourceTree = "<group>"; };
		34DFD9902C93CDAF00F98347 /* ChangeAppIconView.swift */ = {isa = PBXFileReference; fileEncoding = 4; lastKnownFileType = sourcecode.swift; path = ChangeAppIconView.swift; sourceTree = "<group>"; };
		34DFD9912C93CDAF00F98347 /* ChangeGradeSettingsView.swift */ = {isa = PBXFileReference; fileEncoding = 4; lastKnownFileType = sourcecode.swift; path = ChangeGradeSettingsView.swift; sourceTree = "<group>"; };
		34DFD9922C93CDAF00F98347 /* ChangeProfileView.swift */ = {isa = PBXFileReference; fileEncoding = 4; lastKnownFileType = sourcecode.swift; path = ChangeProfileView.swift; sourceTree = "<group>"; };
		34DFD9932C93CDAF00F98347 /* SettingsView.swift */ = {isa = PBXFileReference; fileEncoding = 4; lastKnownFileType = sourcecode.swift; path = SettingsView.swift; sourceTree = "<group>"; };
		34DFD9952C93CDAF00F98347 /* IGShareView.swift */ = {isa = PBXFileReference; fileEncoding = 4; lastKnownFileType = sourcecode.swift; path = IGShareView.swift; sourceTree = "<group>"; };
		34DFD9982C93CDAF00F98347 /* LunchData.swift */ = {isa = PBXFileReference; fileEncoding = 4; lastKnownFileType = sourcecode.swift; path = LunchData.swift; sourceTree = "<group>"; };
		34DFD9992C93CDAF00F98347 /* LunchModel.swift */ = {isa = PBXFileReference; fileEncoding = 4; lastKnownFileType = sourcecode.swift; path = LunchModel.swift; sourceTree = "<group>"; };
		34DFD99A2C93CDAF00F98347 /* LunchRowView.swift */ = {isa = PBXFileReference; fileEncoding = 4; lastKnownFileType = sourcecode.swift; path = LunchRowView.swift; sourceTree = "<group>"; };
		34DFD99B2C93CDAF00F98347 /* LunchView.swift */ = {isa = PBXFileReference; fileEncoding = 4; lastKnownFileType = sourcecode.swift; path = LunchView.swift; sourceTree = "<group>"; };
		34DFD99D2C93CDAF00F98347 /* ASAData.swift */ = {isa = PBXFileReference; fileEncoding = 4; lastKnownFileType = sourcecode.swift; path = ASAData.swift; sourceTree = "<group>"; };
		34DFD99E2C93CDAF00F98347 /* ASAView.swift */ = {isa = PBXFileReference; fileEncoding = 4; lastKnownFileType = sourcecode.swift; path = ASAView.swift; sourceTree = "<group>"; };
		34DFD9A02C93CDAF00F98347 /* HomeView.swift */ = {isa = PBXFileReference; fileEncoding = 4; lastKnownFileType = sourcecode.swift; path = HomeView.swift; sourceTree = "<group>"; };
		34DFD9A22C93CDAF00F98347 /* LunchClubData.swift */ = {isa = PBXFileReference; fileEncoding = 4; lastKnownFileType = sourcecode.swift; path = LunchClubData.swift; sourceTree = "<group>"; };
		34DFD9A32C93CDAF00F98347 /* LunchClubDetailsView.swift */ = {isa = PBXFileReference; fileEncoding = 4; lastKnownFileType = sourcecode.swift; path = LunchClubDetailsView.swift; sourceTree = "<group>"; };
		34DFD9A42C93CDAF00F98347 /* LunchClubView.swift */ = {isa = PBXFileReference; fileEncoding = 4; lastKnownFileType = sourcecode.swift; path = LunchClubView.swift; sourceTree = "<group>"; };
		34DFD9A62C93CDAF00F98347 /* UsernameGradeClass.swift */ = {isa = PBXFileReference; fileEncoding = 4; lastKnownFileType = sourcecode.swift; path = UsernameGradeClass.swift; sourceTree = "<group>"; };
		34DFD9A72C93CDAF00F98347 /* ClubView.swift */ = {isa = PBXFileReference; fileEncoding = 4; lastKnownFileType = sourcecode.swift; path = ClubView.swift; sourceTree = "<group>"; };
		34DFD9A82C93CDAF00F98347 /* calendarData.swift */ = {isa = PBXFileReference; fileEncoding = 4; lastKnownFileType = sourcecode.swift; path = calendarData.swift; sourceTree = "<group>"; };
		34DFD9A92C93CDAF00F98347 /* CalendarJSONHelper.swift */ = {isa = PBXFileReference; fileEncoding = 4; lastKnownFileType = sourcecode.swift; path = CalendarJSONHelper.swift; sourceTree = "<group>"; };
		34DFD9AA2C93CDAF00F98347 /* CalendarModel.swift */ = {isa = PBXFileReference; fileEncoding = 4; lastKnownFileType = sourcecode.swift; path = CalendarModel.swift; sourceTree = "<group>"; };
		34DFD9AB2C93CDAF00F98347 /* CalendarRowView.swift */ = {isa = PBXFileReference; fileEncoding = 4; lastKnownFileType = sourcecode.swift; path = CalendarRowView.swift; sourceTree = "<group>"; };
		34DFD9AC2C93CDAF00F98347 /* DateExtension.swift */ = {isa = PBXFileReference; fileEncoding = 4; lastKnownFileType = sourcecode.swift; path = DateExtension.swift; sourceTree = "<group>"; };
		34DFD9AD2C93CDAF00F98347 /* GetCalendar.swift */ = {isa = PBXFileReference; fileEncoding = 4; lastKnownFileType = sourcecode.swift; path = GetCalendar.swift; sourceTree = "<group>"; };
		34DFD9B02C93CDAF00F98347 /* OnboardingView.swift */ = {isa = PBXFileReference; fileEncoding = 4; lastKnownFileType = sourcecode.swift; path = OnboardingView.swift; sourceTree = "<group>"; };
		34DFD9D02C93CE5A00F98347 /* ContentView.swift */ = {isa = PBXFileReference; fileEncoding = 4; lastKnownFileType = sourcecode.swift; path = ContentView.swift; sourceTree = "<group>"; };
		34DFD9D62C96931C00F98347 /* Assets.xcassets */ = {isa = PBXFileReference; lastKnownFileType = folder.assetcatalog; path = Assets.xcassets; sourceTree = "<group>"; };
		34ED017D2C3D0EE80021D1DD /* CalendarJSONHelper.swift */ = {isa = PBXFileReference; lastKnownFileType = sourcecode.swift; path = CalendarJSONHelper.swift; sourceTree = "<group>"; };
		34ED017F2C3D12540021D1DD /* CalendarModel.swift */ = {isa = PBXFileReference; lastKnownFileType = sourcecode.swift; path = CalendarModel.swift; sourceTree = "<group>"; };
		34ED01822C3D127B0021D1DD /* GetCalendar.swift */ = {isa = PBXFileReference; lastKnownFileType = sourcecode.swift; path = GetCalendar.swift; sourceTree = "<group>"; };
		34ED01842C3D128E0021D1DD /* CalendarRowView.swift */ = {isa = PBXFileReference; lastKnownFileType = sourcecode.swift; path = CalendarRowView.swift; sourceTree = "<group>"; };
		34ED01862C3D12A10021D1DD /* DateExtension.swift */ = {isa = PBXFileReference; lastKnownFileType = sourcecode.swift; path = DateExtension.swift; sourceTree = "<group>"; };
/* End PBXFileReference section */

/* Begin PBXFrameworksBuildPhase section */
		34662D862C7A0B0C0090DF3B /* Frameworks */ = {
			isa = PBXFrameworksBuildPhase;
			buildActionMask = 2147483647;
			files = (
			);
			runOnlyForDeploymentPostprocessing = 0;
		};
		34662D952C7A0B0D0090DF3B /* Frameworks */ = {
			isa = PBXFrameworksBuildPhase;
			buildActionMask = 2147483647;
			files = (
			);
			runOnlyForDeploymentPostprocessing = 0;
		};
		34662D9F2C7A0B0D0090DF3B /* Frameworks */ = {
			isa = PBXFrameworksBuildPhase;
			buildActionMask = 2147483647;
			files = (
			);
			runOnlyForDeploymentPostprocessing = 0;
		};
		34B2AB462BD7E1F400821D81 /* Frameworks */ = {
			isa = PBXFrameworksBuildPhase;
			buildActionMask = 2147483647;
			files = (
				347590E32C58076500924CB4 /* ConfettiSwiftUI in Frameworks */,
				34605BD72C1B0CA6003EA9B0 /* iCalendarParser in Frameworks */,
			);
			runOnlyForDeploymentPostprocessing = 0;
		};
		34B2AB562BD7E1F600821D81 /* Frameworks */ = {
			isa = PBXFrameworksBuildPhase;
			buildActionMask = 2147483647;
			files = (
			);
			runOnlyForDeploymentPostprocessing = 0;
		};
		34B2AB602BD7E1F600821D81 /* Frameworks */ = {
			isa = PBXFrameworksBuildPhase;
			buildActionMask = 2147483647;
			files = (
			);
			runOnlyForDeploymentPostprocessing = 0;
		};
/* End PBXFrameworksBuildPhase section */

/* Begin PBXGroup section */
		34605BD82C1BEA4B003EA9B0 /* Settings */ = {
			isa = PBXGroup;
			children = (
				348324F92BFAF20A005BAA45 /* SettingsView.swift */,
				344EB2802C8C031D001C72AC /* ChangeAppIconView.swift */,
				34605BD92C1BEA5E003EA9B0 /* ChangeGradeSettingsView.swift */,
				34605BDB2C1C5B04003EA9B0 /* ChangeProfileView.swift */,
			);
			path = Settings;
			sourceTree = "<group>";
		};
		346567FE2C5F798900B2FD40 /* Frameworks */ = {
			isa = PBXGroup;
			children = (
				346567FF2C5F798900B2FD40 /* WidgetKit.framework */,
				346568012C5F798900B2FD40 /* SwiftUI.framework */,
			);
			name = Frameworks;
			sourceTree = "<group>";
		};
		34662D8A2C7A0B0C0090DF3B /* Cluber for Watch Watch App */ = {
			isa = PBXGroup;
			children = (
				34662D8B2C7A0B0C0090DF3B /* Cluber_for_WatchApp.swift */,
				34662DEA2C7BF0B40090DF3B /* Calendar */,
				34662DD72C7B732B0090DF3B /* Lunch  */,
				34662DCA2C7B72FA0090DF3B /* ContentView.swift */,
				34C923532C840E780056CF3A /* ScheduleView.swift */,
				34662D8F2C7A0B0D0090DF3B /* Assets.xcassets */,
				34662D912C7A0B0D0090DF3B /* Preview Content */,
			);
			path = "Cluber for Watch Watch App";
			sourceTree = "<group>";
		};
		34662D912C7A0B0D0090DF3B /* Preview Content */ = {
			isa = PBXGroup;
			children = (
				34662D922C7A0B0D0090DF3B /* Preview Assets.xcassets */,
			);
			path = "Preview Content";
			sourceTree = "<group>";
		};
		34662D9B2C7A0B0D0090DF3B /* Cluber for Watch Watch AppTests */ = {
			isa = PBXGroup;
			children = (
				34662D9C2C7A0B0D0090DF3B /* Cluber_for_Watch_Watch_AppTests.swift */,
			);
			path = "Cluber for Watch Watch AppTests";
			sourceTree = "<group>";
		};
		34662DA52C7A0B0D0090DF3B /* Cluber for Watch Watch AppUITests */ = {
			isa = PBXGroup;
			children = (
				34662DA62C7A0B0D0090DF3B /* Cluber_for_Watch_Watch_AppUITests.swift */,
				34662DA82C7A0B0D0090DF3B /* Cluber_for_Watch_Watch_AppUITestsLaunchTests.swift */,
			);
			path = "Cluber for Watch Watch AppUITests";
			sourceTree = "<group>";
		};
		34662DD72C7B732B0090DF3B /* Lunch  */ = {
			isa = PBXGroup;
			children = (
				34662DD32C7B732B0090DF3B /* LunchMenuView.swift */,
				34662DD42C7B732B0090DF3B /* LunchModel.swift */,
				34662DD52C7B732B0090DF3B /* LunchRowView.swift */,
			);
			path = "Lunch ";
			sourceTree = "<group>";
		};
		34662DEA2C7BF0B40090DF3B /* Calendar */ = {
			isa = PBXGroup;
			children = (
				34662DE42C7BF0B40090DF3B /* calendarData.swift */,
				34662DE52C7BF0B40090DF3B /* CalendarJSONHelper.swift */,
				34662DE62C7BF0B40090DF3B /* CalendarModel.swift */,
				34662DE72C7BF0B40090DF3B /* CalendarRowView.swift */,
				34662DE82C7BF0B40090DF3B /* DateExtension.swift */,
				34662DE92C7BF0B40090DF3B /* GetCalendar.swift */,
			);
			path = Calendar;
			sourceTree = "<group>";
		};
		349CAFE62C0BEC0E00642E1B /* ASA */ = {
			isa = PBXGroup;
			children = (
				34B2AB7A2BD7E24900821D81 /* ASAView.swift */,
				349CAFE72C0BEC1F00642E1B /* ASAData.swift */,
			);
			path = ASA;
			sourceTree = "<group>";
		};
		34ABE1A52C0ABD9F005914CC /* Home */ = {
			isa = PBXGroup;
			children = (
				34B2AB762BD7E23100821D81 /* HomeView.swift */,
			);
			path = Home;
			sourceTree = "<group>";
		};
		34B2AB402BD7E1F400821D81 = {
			isa = PBXGroup;
			children = (
				34B2AB4B2BD7E1F400821D81 /* Cluber */,
				34662D8A2C7A0B0C0090DF3B /* Cluber for Watch Watch App */,
				34662D9B2C7A0B0D0090DF3B /* Cluber for Watch Watch AppTests */,
				34662DA52C7A0B0D0090DF3B /* Cluber for Watch Watch AppUITests */,
				34DFD9632C93CD3A00F98347 /* Cluber for DIS */,
				34DFD9742C93CD3B00F98347 /* Cluber for DISTests */,
				34DFD97E2C93CD3B00F98347 /* Cluber for DISUITests */,
				346567FE2C5F798900B2FD40 /* Frameworks */,
				34B2AB4A2BD7E1F400821D81 /* Products */,
			);
			sourceTree = "<group>";
		};
		34B2AB4A2BD7E1F400821D81 /* Products */ = {
			isa = PBXGroup;
			children = (
				34B2AB492BD7E1F400821D81 /* Cluber.app */,
				34B2AB592BD7E1F600821D81 /* CluberTests.xctest */,
				34B2AB632BD7E1F600821D81 /* CluberUITests.xctest */,
				34662D892C7A0B0C0090DF3B /* Luncher.app */,
				34662D982C7A0B0D0090DF3B /* Cluber for Watch Watch AppTests.xctest */,
				34662DA22C7A0B0D0090DF3B /* Cluber for Watch Watch AppUITests.xctest */,
			);
			name = Products;
			sourceTree = "<group>";
		};
		34B2AB4B2BD7E1F400821D81 /* Cluber */ = {
			isa = PBXGroup;
			children = (
				347A1F482CB2A19700F9675D /* Cluber.entitlements */,
				346C47BD2C6323FE00440CC8 /* Info.plist */,
				34B2AB4C2BD7E1F400821D81 /* CluberApp.swift */,
				34B2AB7E2BD7E35600821D81 /* ContentView.swift */,
				34B2AB832BD9062A00821D81 /* ClubView.swift */,
				34605BDD2C1DD639003EA9B0 /* IGShareView.swift */,
				34B2ABCC2BEA5C0500821D81 /* UsernameGradeClass.swift */,
				34ED01812C3D125F0021D1DD /* Calendar */,
				34ABE1A52C0ABD9F005914CC /* Home */,
				34605BD82C1BEA4B003EA9B0 /* Settings */,
				34B2ABCE2BEA5C0A00821D81 /* Onboarding Screen */,
				34B2AB822BD7E77400821D81 /* Lunch Club */,
				349CAFE62C0BEC0E00642E1B /* ASA */,
				34B2ABC52BE7C6AD00821D81 /* Lunch  */,
				34B2AB502BD7E1F500821D81 /* Assets.xcassets */,
				34B2AB522BD7E1F500821D81 /* Preview Content */,
			);
			path = Cluber;
			sourceTree = "<group>";
		};
		34B2AB522BD7E1F500821D81 /* Preview Content */ = {
			isa = PBXGroup;
			children = (
				34B2AB532BD7E1F500821D81 /* Preview Assets.xcassets */,
			);
			path = "Preview Content";
			sourceTree = "<group>";
		};
		34B2AB822BD7E77400821D81 /* Lunch Club */ = {
			isa = PBXGroup;
			children = (
				34B2AB782BD7E24400821D81 /* LunchClubView.swift */,
				34605BDF2C269353003EA9B0 /* LunchClubDetailsView.swift */,
				34B2AB802BD7E76900821D81 /* LunchClubData.swift */,
			);
			path = "Lunch Club";
			sourceTree = "<group>";
		};
		34B2ABC52BE7C6AD00821D81 /* Lunch  */ = {
			isa = PBXGroup;
			children = (
				34B2AB7C2BD7E25100821D81 /* LunchView.swift */,
				34B2ABC62BE7C6C100821D81 /* LunchData.swift */,
				34CCAA322C4A79D200F7E17F /* LunchRowView.swift */,
				348B73112C3E741D001CBCFE /* LunchModel.swift */,
			);
			path = "Lunch ";
			sourceTree = "<group>";
		};
		34B2ABCE2BEA5C0A00821D81 /* Onboarding Screen */ = {
			isa = PBXGroup;
			children = (
				34B2ABC82BE8B77F00821D81 /* OnboardingView.swift */,
			);
			path = "Onboarding Screen";
			sourceTree = "<group>";
		};
		34DFD9632C93CD3A00F98347 /* Cluber for DIS */ = {
			isa = PBXGroup;
			children = (
				34DFD98F2C93CDAF00F98347 /* Cluber_for_DISApp.swift */,
				34DFD9D02C93CE5A00F98347 /* ContentView.swift */,
				34DFD99F2C93CDAF00F98347 /* ASA */,
				34DFD9AE2C93CDAF00F98347 /* Calendar */,
				34DFD9A72C93CDAF00F98347 /* ClubView.swift */,
				34DFD9A12C93CDAF00F98347 /* Home */,
				34DFD9952C93CDAF00F98347 /* IGShareView.swift */,
				34DFD99C2C93CDAF00F98347 /* Lunch  */,
				34DFD9A52C93CDAF00F98347 /* Lunch Club */,
				34DFD9B12C93CDAF00F98347 /* Onboarding Screen */,
				34DFD98D2C93CDAF00F98347 /* Preview Content */,
				34DFD9942C93CDAF00F98347 /* Settings */,
				34DFD9A62C93CDAF00F98347 /* UsernameGradeClass.swift */,
				34DFD98E2C93CDAF00F98347 /* WelcomeView.swift */,
				34DFD9642C93CD3A00F98347 /* Cluber_for_DISApp.swift */,
				34DFD9D62C96931C00F98347 /* Assets.xcassets */,
			);
			path = "Cluber for DIS";
			sourceTree = "<group>";
		};
		34DFD9742C93CD3B00F98347 /* Cluber for DISTests */ = {
			isa = PBXGroup;
			children = (
				34DFD9752C93CD3B00F98347 /* Cluber_for_DISTests.swift */,
			);
			path = "Cluber for DISTests";
			sourceTree = "<group>";
		};
		34DFD97E2C93CD3B00F98347 /* Cluber for DISUITests */ = {
			isa = PBXGroup;
			children = (
				34DFD97F2C93CD3B00F98347 /* Cluber_for_DISUITests.swift */,
				34DFD9812C93CD3B00F98347 /* Cluber_for_DISUITestsLaunchTests.swift */,
			);
			path = "Cluber for DISUITests";
			sourceTree = "<group>";
		};
		34DFD98D2C93CDAF00F98347 /* Preview Content */ = {
			isa = PBXGroup;
			children = (
				34DFD98C2C93CDAF00F98347 /* Preview Assets.xcassets */,
			);
			path = "Preview Content";
			sourceTree = "<group>";
		};
		34DFD9942C93CDAF00F98347 /* Settings */ = {
			isa = PBXGroup;
			children = (
				34DFD9902C93CDAF00F98347 /* ChangeAppIconView.swift */,
				34DFD9912C93CDAF00F98347 /* ChangeGradeSettingsView.swift */,
				34DFD9922C93CDAF00F98347 /* ChangeProfileView.swift */,
				34DFD9932C93CDAF00F98347 /* SettingsView.swift */,
			);
			path = Settings;
			sourceTree = "<group>";
		};
		34DFD99C2C93CDAF00F98347 /* Lunch  */ = {
			isa = PBXGroup;
			children = (
				34DFD9982C93CDAF00F98347 /* LunchData.swift */,
				34DFD9992C93CDAF00F98347 /* LunchModel.swift */,
				34DFD99A2C93CDAF00F98347 /* LunchRowView.swift */,
				34DFD99B2C93CDAF00F98347 /* LunchView.swift */,
			);
			path = "Lunch ";
			sourceTree = "<group>";
		};
		34DFD99F2C93CDAF00F98347 /* ASA */ = {
			isa = PBXGroup;
			children = (
				34DFD99D2C93CDAF00F98347 /* ASAData.swift */,
				34DFD99E2C93CDAF00F98347 /* ASAView.swift */,
			);
			path = ASA;
			sourceTree = "<group>";
		};
		34DFD9A12C93CDAF00F98347 /* Home */ = {
			isa = PBXGroup;
			children = (
				34DFD9A02C93CDAF00F98347 /* HomeView.swift */,
			);
			path = Home;
			sourceTree = "<group>";
		};
		34DFD9A52C93CDAF00F98347 /* Lunch Club */ = {
			isa = PBXGroup;
			children = (
				34DFD9A22C93CDAF00F98347 /* LunchClubData.swift */,
				34DFD9A32C93CDAF00F98347 /* LunchClubDetailsView.swift */,
				34DFD9A42C93CDAF00F98347 /* LunchClubView.swift */,
			);
			path = "Lunch Club";
			sourceTree = "<group>";
		};
		34DFD9AE2C93CDAF00F98347 /* Calendar */ = {
			isa = PBXGroup;
			children = (
				34DFD9A82C93CDAF00F98347 /* calendarData.swift */,
				34DFD9A92C93CDAF00F98347 /* CalendarJSONHelper.swift */,
				34DFD9AA2C93CDAF00F98347 /* CalendarModel.swift */,
				34DFD9AB2C93CDAF00F98347 /* CalendarRowView.swift */,
				34DFD9AC2C93CDAF00F98347 /* DateExtension.swift */,
				34DFD9AD2C93CDAF00F98347 /* GetCalendar.swift */,
			);
			path = Calendar;
			sourceTree = "<group>";
		};
		34DFD9B12C93CDAF00F98347 /* Onboarding Screen */ = {
			isa = PBXGroup;
			children = (
				34DFD9B02C93CDAF00F98347 /* OnboardingView.swift */,
			);
			path = "Onboarding Screen";
			sourceTree = "<group>";
		};
		34ED01812C3D125F0021D1DD /* Calendar */ = {
			isa = PBXGroup;
			children = (
				34ED017F2C3D12540021D1DD /* CalendarModel.swift */,
				34ED017D2C3D0EE80021D1DD /* CalendarJSONHelper.swift */,
				34ED01822C3D127B0021D1DD /* GetCalendar.swift */,
				34ED01842C3D128E0021D1DD /* CalendarRowView.swift */,
				34ED01862C3D12A10021D1DD /* DateExtension.swift */,
			);
			path = Calendar;
			sourceTree = "<group>";
		};
/* End PBXGroup section */

/* Begin PBXNativeTarget section */
		34662D882C7A0B0C0090DF3B /* Cluber for Watch Watch App */ = {
			isa = PBXNativeTarget;
			buildConfigurationList = 34662DAD2C7A0B0D0090DF3B /* Build configuration list for PBXNativeTarget "Cluber for Watch Watch App" */;
			buildPhases = (
				34662D852C7A0B0C0090DF3B /* Sources */,
				34662D862C7A0B0C0090DF3B /* Frameworks */,
				34662D872C7A0B0C0090DF3B /* Resources */,
			);
			buildRules = (
			);
			dependencies = (
			);
			name = "Cluber for Watch Watch App";
			productName = "Cluber for Watch Watch App";
			productReference = 34662D892C7A0B0C0090DF3B /* Luncher.app */;
			productType = "com.apple.product-type.application";
		};
		34662D972C7A0B0D0090DF3B /* Cluber for Watch Watch AppTests */ = {
			isa = PBXNativeTarget;
			buildConfigurationList = 34662DB02C7A0B0D0090DF3B /* Build configuration list for PBXNativeTarget "Cluber for Watch Watch AppTests" */;
			buildPhases = (
				34662D942C7A0B0D0090DF3B /* Sources */,
				34662D952C7A0B0D0090DF3B /* Frameworks */,
				34662D962C7A0B0D0090DF3B /* Resources */,
			);
			buildRules = (
			);
			dependencies = (
				34662D9A2C7A0B0D0090DF3B /* PBXTargetDependency */,
			);
			name = "Cluber for Watch Watch AppTests";
			productName = "Cluber for Watch Watch AppTests";
			productReference = 34662D982C7A0B0D0090DF3B /* Cluber for Watch Watch AppTests.xctest */;
			productType = "com.apple.product-type.bundle.unit-test";
		};
		34662DA12C7A0B0D0090DF3B /* Cluber for Watch Watch AppUITests */ = {
			isa = PBXNativeTarget;
			buildConfigurationList = 34662DB32C7A0B0D0090DF3B /* Build configuration list for PBXNativeTarget "Cluber for Watch Watch AppUITests" */;
			buildPhases = (
				34662D9E2C7A0B0D0090DF3B /* Sources */,
				34662D9F2C7A0B0D0090DF3B /* Frameworks */,
				34662DA02C7A0B0D0090DF3B /* Resources */,
			);
			buildRules = (
			);
			dependencies = (
				34662DA42C7A0B0D0090DF3B /* PBXTargetDependency */,
			);
			name = "Cluber for Watch Watch AppUITests";
			productName = "Cluber for Watch Watch AppUITests";
			productReference = 34662DA22C7A0B0D0090DF3B /* Cluber for Watch Watch AppUITests.xctest */;
			productType = "com.apple.product-type.bundle.ui-testing";
		};
		34B2AB482BD7E1F400821D81 /* Cluber */ = {
			isa = PBXNativeTarget;
			buildConfigurationList = 34B2AB6D2BD7E1F600821D81 /* Build configuration list for PBXNativeTarget "Cluber" */;
			buildPhases = (
				34B2AB452BD7E1F400821D81 /* Sources */,
				34B2AB462BD7E1F400821D81 /* Frameworks */,
				34B2AB472BD7E1F400821D81 /* Resources */,
				346568122C5F798B00B2FD40 /* Embed Foundation Extensions */,
				346890412C79F9DC006BA894 /* Embed Watch Content */,
			);
			buildRules = (
			);
			dependencies = (
				34662DE32C7B859F0090DF3B /* PBXTargetDependency */,
			);
			name = Cluber;
			packageProductDependencies = (
				34605BD62C1B0CA6003EA9B0 /* iCalendarParser */,
				347590E22C58076500924CB4 /* ConfettiSwiftUI */,
			);
			productName = Cluber;
			productReference = 34B2AB492BD7E1F400821D81 /* Cluber.app */;
			productType = "com.apple.product-type.application";
		};
		34B2AB582BD7E1F600821D81 /* CluberTests */ = {
			isa = PBXNativeTarget;
			buildConfigurationList = 34B2AB702BD7E1F600821D81 /* Build configuration list for PBXNativeTarget "CluberTests" */;
			buildPhases = (
				34B2AB552BD7E1F600821D81 /* Sources */,
				34B2AB562BD7E1F600821D81 /* Frameworks */,
				34B2AB572BD7E1F600821D81 /* Resources */,
			);
			buildRules = (
			);
			dependencies = (
				34B2AB5B2BD7E1F600821D81 /* PBXTargetDependency */,
			);
			name = CluberTests;
			productName = CluberTests;
			productReference = 34B2AB592BD7E1F600821D81 /* CluberTests.xctest */;
			productType = "com.apple.product-type.bundle.unit-test";
		};
		34B2AB622BD7E1F600821D81 /* CluberUITests */ = {
			isa = PBXNativeTarget;
			buildConfigurationList = 34B2AB732BD7E1F600821D81 /* Build configuration list for PBXNativeTarget "CluberUITests" */;
			buildPhases = (
				34B2AB5F2BD7E1F600821D81 /* Sources */,
				34B2AB602BD7E1F600821D81 /* Frameworks */,
				34B2AB612BD7E1F600821D81 /* Resources */,
			);
			buildRules = (
			);
			dependencies = (
				34B2AB652BD7E1F600821D81 /* PBXTargetDependency */,
			);
			name = CluberUITests;
			productName = CluberUITests;
			productReference = 34B2AB632BD7E1F600821D81 /* CluberUITests.xctest */;
			productType = "com.apple.product-type.bundle.ui-testing";
		};
/* End PBXNativeTarget section */

/* Begin PBXProject section */
		34B2AB412BD7E1F400821D81 /* Project object */ = {
			isa = PBXProject;
			attributes = {
				BuildIndependentTargetsInParallel = 1;
				LastSwiftUpdateCheck = 1600;
				LastUpgradeCheck = 1600;
				TargetAttributes = {
					34662D882C7A0B0C0090DF3B = {
						CreatedOnToolsVersion = 15.4;
					};
					34662D972C7A0B0D0090DF3B = {
						CreatedOnToolsVersion = 15.4;
						TestTargetID = 34662D882C7A0B0C0090DF3B;
					};
					34662DA12C7A0B0D0090DF3B = {
						CreatedOnToolsVersion = 15.4;
						TestTargetID = 34662D882C7A0B0C0090DF3B;
					};
					34B2AB482BD7E1F400821D81 = {
						CreatedOnToolsVersion = 15.3;
					};
					34B2AB582BD7E1F600821D81 = {
						CreatedOnToolsVersion = 15.3;
						TestTargetID = 34B2AB482BD7E1F400821D81;
					};
					34B2AB622BD7E1F600821D81 = {
						CreatedOnToolsVersion = 15.3;
						TestTargetID = 34B2AB482BD7E1F400821D81;
					};
				};
			};
			buildConfigurationList = 34B2AB442BD7E1F400821D81 /* Build configuration list for PBXProject "Cluber" */;
			compatibilityVersion = "Xcode 14.0";
			developmentRegion = en;
			hasScannedForEncodings = 0;
			knownRegions = (
				en,
				Base,
			);
			mainGroup = 34B2AB402BD7E1F400821D81;
			packageReferences = (
				34605BD52C1B0C43003EA9B0 /* XCRemoteSwiftPackageReference "iCalendarParser" */,
				347590E12C58076500924CB4 /* XCRemoteSwiftPackageReference "ConfettiSwiftUI" */,
			);
			productRefGroup = 34B2AB4A2BD7E1F400821D81 /* Products */;
			projectDirPath = "";
			projectRoot = "";
			targets = (
				34B2AB482BD7E1F400821D81 /* Cluber */,
				34B2AB582BD7E1F600821D81 /* CluberTests */,
				34B2AB622BD7E1F600821D81 /* CluberUITests */,
				34662D882C7A0B0C0090DF3B /* Cluber for Watch Watch App */,
				34662D972C7A0B0D0090DF3B /* Cluber for Watch Watch AppTests */,
				34662DA12C7A0B0D0090DF3B /* Cluber for Watch Watch AppUITests */,
			);
		};
/* End PBXProject section */

/* Begin PBXResourcesBuildPhase section */
		34662D872C7A0B0C0090DF3B /* Resources */ = {
			isa = PBXResourcesBuildPhase;
			buildActionMask = 2147483647;
			files = (
				34662D932C7A0B0D0090DF3B /* Preview Assets.xcassets in Resources */,
				34662D902C7A0B0D0090DF3B /* Assets.xcassets in Resources */,
			);
			runOnlyForDeploymentPostprocessing = 0;
		};
		34662D962C7A0B0D0090DF3B /* Resources */ = {
			isa = PBXResourcesBuildPhase;
			buildActionMask = 2147483647;
			files = (
			);
			runOnlyForDeploymentPostprocessing = 0;
		};
		34662DA02C7A0B0D0090DF3B /* Resources */ = {
			isa = PBXResourcesBuildPhase;
			buildActionMask = 2147483647;
			files = (
			);
			runOnlyForDeploymentPostprocessing = 0;
		};
		34B2AB472BD7E1F400821D81 /* Resources */ = {
			isa = PBXResourcesBuildPhase;
			buildActionMask = 2147483647;
			files = (
				34B2AB542BD7E1F500821D81 /* Preview Assets.xcassets in Resources */,
				34B2AB512BD7E1F500821D81 /* Assets.xcassets in Resources */,
			);
			runOnlyForDeploymentPostprocessing = 0;
		};
		34B2AB572BD7E1F600821D81 /* Resources */ = {
			isa = PBXResourcesBuildPhase;
			buildActionMask = 2147483647;
			files = (
			);
			runOnlyForDeploymentPostprocessing = 0;
		};
		34B2AB612BD7E1F600821D81 /* Resources */ = {
			isa = PBXResourcesBuildPhase;
			buildActionMask = 2147483647;
			files = (
			);
			runOnlyForDeploymentPostprocessing = 0;
		};
/* End PBXResourcesBuildPhase section */

/* Begin PBXSourcesBuildPhase section */
		34662D852C7A0B0C0090DF3B /* Sources */ = {
			isa = PBXSourcesBuildPhase;
			buildActionMask = 2147483647;
			files = (
				34662DCB2C7B72FA0090DF3B /* ContentView.swift in Sources */,
				34662DEF2C7BF0B40090DF3B /* DateExtension.swift in Sources */,
				34662DED2C7BF0B40090DF3B /* CalendarModel.swift in Sources */,
				34662DEB2C7BF0B40090DF3B /* calendarData.swift in Sources */,
				34662DEE2C7BF0B40090DF3B /* CalendarRowView.swift in Sources */,
				34C923542C840E780056CF3A /* ScheduleView.swift in Sources */,
				34662DDE2C7B732B0090DF3B /* LunchMenuView.swift in Sources */,
				34662DDF2C7B732B0090DF3B /* LunchModel.swift in Sources */,
				34662DF02C7BF0B40090DF3B /* GetCalendar.swift in Sources */,
				34662D8C2C7A0B0C0090DF3B /* Cluber_for_WatchApp.swift in Sources */,
				34662DE02C7B732B0090DF3B /* LunchRowView.swift in Sources */,
				34662DEC2C7BF0B40090DF3B /* CalendarJSONHelper.swift in Sources */,
			);
			runOnlyForDeploymentPostprocessing = 0;
		};
		34662D942C7A0B0D0090DF3B /* Sources */ = {
			isa = PBXSourcesBuildPhase;
			buildActionMask = 2147483647;
			files = (
				34662D9D2C7A0B0D0090DF3B /* Cluber_for_Watch_Watch_AppTests.swift in Sources */,
			);
			runOnlyForDeploymentPostprocessing = 0;
		};
		34662D9E2C7A0B0D0090DF3B /* Sources */ = {
			isa = PBXSourcesBuildPhase;
			buildActionMask = 2147483647;
			files = (
				34662DA72C7A0B0D0090DF3B /* Cluber_for_Watch_Watch_AppUITests.swift in Sources */,
				34662DA92C7A0B0D0090DF3B /* Cluber_for_Watch_Watch_AppUITestsLaunchTests.swift in Sources */,
			);
			runOnlyForDeploymentPostprocessing = 0;
		};
		34B2AB452BD7E1F400821D81 /* Sources */ = {
			isa = PBXSourcesBuildPhase;
			buildActionMask = 2147483647;
			files = (
				34ED01802C3D12540021D1DD /* CalendarModel.swift in Sources */,
				34ED017E2C3D0EE80021D1DD /* CalendarJSONHelper.swift in Sources */,
				34B2ABCD2BEA5C0500821D81 /* UsernameGradeClass.swift in Sources */,
				34B2AB7D2BD7E25100821D81 /* LunchView.swift in Sources */,
				34B2ABC72BE7C6C100821D81 /* LunchData.swift in Sources */,
				34605BDA2C1BEA5E003EA9B0 /* ChangeGradeSettingsView.swift in Sources */,
				34ED01832C3D127B0021D1DD /* GetCalendar.swift in Sources */,
				34605BE02C269353003EA9B0 /* LunchClubDetailsView.swift in Sources */,
				34B2AB7B2BD7E24900821D81 /* ASAView.swift in Sources */,
				34B2ABC92BE8B77F00821D81 /* OnboardingView.swift in Sources */,
				349CAFE82C0BEC1F00642E1B /* ASAData.swift in Sources */,
				34B2AB842BD9062A00821D81 /* ClubView.swift in Sources */,
				34B2AB7F2BD7E35600821D81 /* ContentView.swift in Sources */,
				34B2AB4D2BD7E1F400821D81 /* CluberApp.swift in Sources */,
				348B73122C3E741D001CBCFE /* LunchModel.swift in Sources */,
				344EB2812C8C031D001C72AC /* ChangeAppIconView.swift in Sources */,
				34605BDC2C1C5B04003EA9B0 /* ChangeProfileView.swift in Sources */,
				34B2AB812BD7E76900821D81 /* LunchClubData.swift in Sources */,
				34605BDE2C1DD639003EA9B0 /* IGShareView.swift in Sources */,
				34ED01852C3D128E0021D1DD /* CalendarRowView.swift in Sources */,
				34ED01872C3D12A10021D1DD /* DateExtension.swift in Sources */,
				34CCAA332C4A79D200F7E17F /* LunchRowView.swift in Sources */,
				34B2AB792BD7E24400821D81 /* LunchClubView.swift in Sources */,
				348324FA2BFAF20A005BAA45 /* SettingsView.swift in Sources */,
				34B2AB772BD7E23100821D81 /* HomeView.swift in Sources */,
			);
			runOnlyForDeploymentPostprocessing = 0;
		};
		34B2AB552BD7E1F600821D81 /* Sources */ = {
			isa = PBXSourcesBuildPhase;
			buildActionMask = 2147483647;
			files = (
			);
			runOnlyForDeploymentPostprocessing = 0;
		};
		34B2AB5F2BD7E1F600821D81 /* Sources */ = {
			isa = PBXSourcesBuildPhase;
			buildActionMask = 2147483647;
			files = (
			);
			runOnlyForDeploymentPostprocessing = 0;
		};
/* End PBXSourcesBuildPhase section */

/* Begin PBXTargetDependency section */
		34662D9A2C7A0B0D0090DF3B /* PBXTargetDependency */ = {
			isa = PBXTargetDependency;
			target = 34662D882C7A0B0C0090DF3B /* Cluber for Watch Watch App */;
			targetProxy = 34662D992C7A0B0D0090DF3B /* PBXContainerItemProxy */;
		};
		34662DA42C7A0B0D0090DF3B /* PBXTargetDependency */ = {
			isa = PBXTargetDependency;
			target = 34662D882C7A0B0C0090DF3B /* Cluber for Watch Watch App */;
			targetProxy = 34662DA32C7A0B0D0090DF3B /* PBXContainerItemProxy */;
		};
		34662DE32C7B859F0090DF3B /* PBXTargetDependency */ = {
			isa = PBXTargetDependency;
			target = 34662D882C7A0B0C0090DF3B /* Cluber for Watch Watch App */;
			targetProxy = 34662DE22C7B859F0090DF3B /* PBXContainerItemProxy */;
		};
		34B2AB5B2BD7E1F600821D81 /* PBXTargetDependency */ = {
			isa = PBXTargetDependency;
			target = 34B2AB482BD7E1F400821D81 /* Cluber */;
			targetProxy = 34B2AB5A2BD7E1F600821D81 /* PBXContainerItemProxy */;
		};
		34B2AB652BD7E1F600821D81 /* PBXTargetDependency */ = {
			isa = PBXTargetDependency;
			target = 34B2AB482BD7E1F400821D81 /* Cluber */;
			targetProxy = 34B2AB642BD7E1F600821D81 /* PBXContainerItemProxy */;
		};
/* End PBXTargetDependency section */

/* Begin XCBuildConfiguration section */
		34662DAE2C7A0B0D0090DF3B /* Debug */ = {
			isa = XCBuildConfiguration;
			buildSettings = {
				ASSETCATALOG_COMPILER_APPICON_NAME = LuncherIcon;
				ASSETCATALOG_COMPILER_GLOBAL_ACCENT_COLOR_NAME = AccentColor;
				ASSETCATALOG_COMPILER_INCLUDE_ALL_APPICON_ASSETS = YES;
				CODE_SIGN_STYLE = Automatic;
				CURRENT_PROJECT_VERSION = 2.0;
				DEVELOPMENT_ASSET_PATHS = "\"Cluber for Watch Watch App/Preview Content\"";
				DEVELOPMENT_TEAM = 2V475FZ3N2;
				ENABLE_PREVIEWS = YES;
				GENERATE_INFOPLIST_FILE = YES;
				INFOPLIST_KEY_UISupportedInterfaceOrientations = "UIInterfaceOrientationPortrait UIInterfaceOrientationPortraitUpsideDown";
				INFOPLIST_KEY_WKCompanionAppBundleIdentifier = com.oliverPark.cluber;
				LD_RUNPATH_SEARCH_PATHS = (
					"$(inherited)",
					"@executable_path/Frameworks",
				);
				MARKETING_VERSION = 2.4.1;
				PRODUCT_BUNDLE_IDENTIFIER = com.oliverPark.cluber.watchkitapp;
				PRODUCT_NAME = Luncher;
				SDKROOT = watchos;
				SKIP_INSTALL = YES;
				SWIFT_EMIT_LOC_STRINGS = YES;
				SWIFT_VERSION = 5.0;
				TARGETED_DEVICE_FAMILY = 4;
			};
			name = Debug;
		};
		34662DAF2C7A0B0D0090DF3B /* Release */ = {
			isa = XCBuildConfiguration;
			buildSettings = {
				ASSETCATALOG_COMPILER_APPICON_NAME = LuncherIcon;
				ASSETCATALOG_COMPILER_GLOBAL_ACCENT_COLOR_NAME = AccentColor;
				ASSETCATALOG_COMPILER_INCLUDE_ALL_APPICON_ASSETS = YES;
				CODE_SIGN_STYLE = Automatic;
				CURRENT_PROJECT_VERSION = 2.0;
				DEVELOPMENT_ASSET_PATHS = "\"Cluber for Watch Watch App/Preview Content\"";
				DEVELOPMENT_TEAM = 2V475FZ3N2;
				ENABLE_PREVIEWS = YES;
				GENERATE_INFOPLIST_FILE = YES;
				INFOPLIST_KEY_UISupportedInterfaceOrientations = "UIInterfaceOrientationPortrait UIInterfaceOrientationPortraitUpsideDown";
				INFOPLIST_KEY_WKCompanionAppBundleIdentifier = com.oliverPark.cluber;
				LD_RUNPATH_SEARCH_PATHS = (
					"$(inherited)",
					"@executable_path/Frameworks",
				);
				MARKETING_VERSION = 2.4.1;
				PRODUCT_BUNDLE_IDENTIFIER = com.oliverPark.cluber.watchkitapp;
				PRODUCT_NAME = Luncher;
				SDKROOT = watchos;
				SKIP_INSTALL = YES;
				SWIFT_EMIT_LOC_STRINGS = YES;
				SWIFT_VERSION = 5.0;
				TARGETED_DEVICE_FAMILY = 4;
			};
			name = Release;
		};
		34662DB12C7A0B0D0090DF3B /* Debug */ = {
			isa = XCBuildConfiguration;
			buildSettings = {
				BUNDLE_LOADER = "$(TEST_HOST)";
				CODE_SIGN_STYLE = Automatic;
				CURRENT_PROJECT_VERSION = 1;
				DEVELOPMENT_TEAM = 2V475FZ3N2;
				GENERATE_INFOPLIST_FILE = YES;
				MARKETING_VERSION = 1.0;
				PRODUCT_BUNDLE_IDENTIFIER = "com.olivergpark.Cluber-for-Watch-Watch-AppTests";
				PRODUCT_NAME = "$(TARGET_NAME)";
				SDKROOT = watchos;
				SWIFT_EMIT_LOC_STRINGS = NO;
				SWIFT_VERSION = 5.0;
				TARGETED_DEVICE_FAMILY = 4;
				TEST_HOST = "$(BUILT_PRODUCTS_DIR)/Cluber for Watch Watch App.app/$(BUNDLE_EXECUTABLE_FOLDER_PATH)/Cluber for Watch Watch App";
				WATCHOS_DEPLOYMENT_TARGET = 10.5;
			};
			name = Debug;
		};
		34662DB22C7A0B0D0090DF3B /* Release */ = {
			isa = XCBuildConfiguration;
			buildSettings = {
				BUNDLE_LOADER = "$(TEST_HOST)";
				CODE_SIGN_STYLE = Automatic;
				CURRENT_PROJECT_VERSION = 1;
				DEVELOPMENT_TEAM = 2V475FZ3N2;
				GENERATE_INFOPLIST_FILE = YES;
				MARKETING_VERSION = 1.0;
				PRODUCT_BUNDLE_IDENTIFIER = "com.olivergpark.Cluber-for-Watch-Watch-AppTests";
				PRODUCT_NAME = "$(TARGET_NAME)";
				SDKROOT = watchos;
				SWIFT_EMIT_LOC_STRINGS = NO;
				SWIFT_VERSION = 5.0;
				TARGETED_DEVICE_FAMILY = 4;
				TEST_HOST = "$(BUILT_PRODUCTS_DIR)/Cluber for Watch Watch App.app/$(BUNDLE_EXECUTABLE_FOLDER_PATH)/Cluber for Watch Watch App";
				WATCHOS_DEPLOYMENT_TARGET = 10.5;
			};
			name = Release;
		};
		34662DB42C7A0B0D0090DF3B /* Debug */ = {
			isa = XCBuildConfiguration;
			buildSettings = {
				CODE_SIGN_STYLE = Automatic;
				CURRENT_PROJECT_VERSION = 1;
				DEVELOPMENT_TEAM = 2V475FZ3N2;
				GENERATE_INFOPLIST_FILE = YES;
				MARKETING_VERSION = 1.0;
				PRODUCT_BUNDLE_IDENTIFIER = "com.olivergpark.Cluber-for-Watch-Watch-AppUITests";
				PRODUCT_NAME = "$(TARGET_NAME)";
				SDKROOT = watchos;
				SWIFT_EMIT_LOC_STRINGS = NO;
				SWIFT_VERSION = 5.0;
				TARGETED_DEVICE_FAMILY = 4;
				TEST_TARGET_NAME = "Cluber for Watch Watch App";
			};
			name = Debug;
		};
		34662DB52C7A0B0D0090DF3B /* Release */ = {
			isa = XCBuildConfiguration;
			buildSettings = {
				CODE_SIGN_STYLE = Automatic;
				CURRENT_PROJECT_VERSION = 1;
				DEVELOPMENT_TEAM = 2V475FZ3N2;
				GENERATE_INFOPLIST_FILE = YES;
				MARKETING_VERSION = 1.0;
				PRODUCT_BUNDLE_IDENTIFIER = "com.olivergpark.Cluber-for-Watch-Watch-AppUITests";
				PRODUCT_NAME = "$(TARGET_NAME)";
				SDKROOT = watchos;
				SWIFT_EMIT_LOC_STRINGS = NO;
				SWIFT_VERSION = 5.0;
				TARGETED_DEVICE_FAMILY = 4;
				TEST_TARGET_NAME = "Cluber for Watch Watch App";
			};
			name = Release;
		};
		34B2AB6B2BD7E1F600821D81 /* Debug */ = {
			isa = XCBuildConfiguration;
			buildSettings = {
				ALWAYS_SEARCH_USER_PATHS = NO;
				ASSETCATALOG_COMPILER_GENERATE_SWIFT_ASSET_SYMBOL_EXTENSIONS = YES;
				CLANG_ANALYZER_NONNULL = YES;
				CLANG_ANALYZER_NUMBER_OBJECT_CONVERSION = YES_AGGRESSIVE;
				CLANG_CXX_LANGUAGE_STANDARD = "gnu++20";
				CLANG_ENABLE_MODULES = YES;
				CLANG_ENABLE_OBJC_ARC = YES;
				CLANG_ENABLE_OBJC_WEAK = YES;
				CLANG_WARN_BLOCK_CAPTURE_AUTORELEASING = YES;
				CLANG_WARN_BOOL_CONVERSION = YES;
				CLANG_WARN_COMMA = YES;
				CLANG_WARN_CONSTANT_CONVERSION = YES;
				CLANG_WARN_DEPRECATED_OBJC_IMPLEMENTATIONS = YES;
				CLANG_WARN_DIRECT_OBJC_ISA_USAGE = YES_ERROR;
				CLANG_WARN_DOCUMENTATION_COMMENTS = YES;
				CLANG_WARN_EMPTY_BODY = YES;
				CLANG_WARN_ENUM_CONVERSION = YES;
				CLANG_WARN_INFINITE_RECURSION = YES;
				CLANG_WARN_INT_CONVERSION = YES;
				CLANG_WARN_NON_LITERAL_NULL_CONVERSION = YES;
				CLANG_WARN_OBJC_IMPLICIT_RETAIN_SELF = YES;
				CLANG_WARN_OBJC_LITERAL_CONVERSION = YES;
				CLANG_WARN_OBJC_ROOT_CLASS = YES_ERROR;
				CLANG_WARN_QUOTED_INCLUDE_IN_FRAMEWORK_HEADER = YES;
				CLANG_WARN_RANGE_LOOP_ANALYSIS = YES;
				CLANG_WARN_STRICT_PROTOTYPES = YES;
				CLANG_WARN_SUSPICIOUS_MOVE = YES;
				CLANG_WARN_UNGUARDED_AVAILABILITY = YES_AGGRESSIVE;
				CLANG_WARN_UNREACHABLE_CODE = YES;
				CLANG_WARN__DUPLICATE_METHOD_MATCH = YES;
				COPY_PHASE_STRIP = NO;
				DEBUG_INFORMATION_FORMAT = dwarf;
				ENABLE_STRICT_OBJC_MSGSEND = YES;
				ENABLE_TESTABILITY = YES;
				ENABLE_USER_SCRIPT_SANDBOXING = YES;
				GCC_C_LANGUAGE_STANDARD = gnu17;
				GCC_DYNAMIC_NO_PIC = NO;
				GCC_NO_COMMON_BLOCKS = YES;
				GCC_OPTIMIZATION_LEVEL = 0;
				GCC_PREPROCESSOR_DEFINITIONS = (
					"DEBUG=1",
					"$(inherited)",
				);
				GCC_WARN_64_TO_32_BIT_CONVERSION = YES;
				GCC_WARN_ABOUT_RETURN_TYPE = YES_ERROR;
				GCC_WARN_UNDECLARED_SELECTOR = YES;
				GCC_WARN_UNINITIALIZED_AUTOS = YES_AGGRESSIVE;
				GCC_WARN_UNUSED_FUNCTION = YES;
				GCC_WARN_UNUSED_VARIABLE = YES;
				IPHONEOS_DEPLOYMENT_TARGET = 17.5;
				LOCALIZATION_PREFERS_STRING_CATALOGS = YES;
				MTL_ENABLE_DEBUG_INFO = INCLUDE_SOURCE;
				MTL_FAST_MATH = YES;
				ONLY_ACTIVE_ARCH = YES;
				SDKROOT = iphoneos;
				SWIFT_ACTIVE_COMPILATION_CONDITIONS = "DEBUG $(inherited)";
				SWIFT_OPTIMIZATION_LEVEL = "-Onone";
				WATCHOS_DEPLOYMENT_TARGET = 10.5;
			};
			name = Debug;
		};
		34B2AB6C2BD7E1F600821D81 /* Release */ = {
			isa = XCBuildConfiguration;
			buildSettings = {
				ALWAYS_SEARCH_USER_PATHS = NO;
				ASSETCATALOG_COMPILER_GENERATE_SWIFT_ASSET_SYMBOL_EXTENSIONS = YES;
				CLANG_ANALYZER_NONNULL = YES;
				CLANG_ANALYZER_NUMBER_OBJECT_CONVERSION = YES_AGGRESSIVE;
				CLANG_CXX_LANGUAGE_STANDARD = "gnu++20";
				CLANG_ENABLE_MODULES = YES;
				CLANG_ENABLE_OBJC_ARC = YES;
				CLANG_ENABLE_OBJC_WEAK = YES;
				CLANG_WARN_BLOCK_CAPTURE_AUTORELEASING = YES;
				CLANG_WARN_BOOL_CONVERSION = YES;
				CLANG_WARN_COMMA = YES;
				CLANG_WARN_CONSTANT_CONVERSION = YES;
				CLANG_WARN_DEPRECATED_OBJC_IMPLEMENTATIONS = YES;
				CLANG_WARN_DIRECT_OBJC_ISA_USAGE = YES_ERROR;
				CLANG_WARN_DOCUMENTATION_COMMENTS = YES;
				CLANG_WARN_EMPTY_BODY = YES;
				CLANG_WARN_ENUM_CONVERSION = YES;
				CLANG_WARN_INFINITE_RECURSION = YES;
				CLANG_WARN_INT_CONVERSION = YES;
				CLANG_WARN_NON_LITERAL_NULL_CONVERSION = YES;
				CLANG_WARN_OBJC_IMPLICIT_RETAIN_SELF = YES;
				CLANG_WARN_OBJC_LITERAL_CONVERSION = YES;
				CLANG_WARN_OBJC_ROOT_CLASS = YES_ERROR;
				CLANG_WARN_QUOTED_INCLUDE_IN_FRAMEWORK_HEADER = YES;
				CLANG_WARN_RANGE_LOOP_ANALYSIS = YES;
				CLANG_WARN_STRICT_PROTOTYPES = YES;
				CLANG_WARN_SUSPICIOUS_MOVE = YES;
				CLANG_WARN_UNGUARDED_AVAILABILITY = YES_AGGRESSIVE;
				CLANG_WARN_UNREACHABLE_CODE = YES;
				CLANG_WARN__DUPLICATE_METHOD_MATCH = YES;
				COPY_PHASE_STRIP = NO;
				DEBUG_INFORMATION_FORMAT = "dwarf-with-dsym";
				ENABLE_NS_ASSERTIONS = NO;
				ENABLE_STRICT_OBJC_MSGSEND = YES;
				ENABLE_USER_SCRIPT_SANDBOXING = YES;
				GCC_C_LANGUAGE_STANDARD = gnu17;
				GCC_NO_COMMON_BLOCKS = YES;
				GCC_WARN_64_TO_32_BIT_CONVERSION = YES;
				GCC_WARN_ABOUT_RETURN_TYPE = YES_ERROR;
				GCC_WARN_UNDECLARED_SELECTOR = YES;
				GCC_WARN_UNINITIALIZED_AUTOS = YES_AGGRESSIVE;
				GCC_WARN_UNUSED_FUNCTION = YES;
				GCC_WARN_UNUSED_VARIABLE = YES;
				IPHONEOS_DEPLOYMENT_TARGET = 17.5;
				LOCALIZATION_PREFERS_STRING_CATALOGS = YES;
				MTL_ENABLE_DEBUG_INFO = NO;
				MTL_FAST_MATH = YES;
				SDKROOT = iphoneos;
				SWIFT_COMPILATION_MODE = wholemodule;
				VALIDATE_PRODUCT = YES;
				WATCHOS_DEPLOYMENT_TARGET = 10.5;
			};
			name = Release;
		};
		34B2AB6E2BD7E1F600821D81 /* Debug */ = {
			isa = XCBuildConfiguration;
			buildSettings = {
				ASSETCATALOG_COMPILER_APPICON_NAME = 18Icon;
				ASSETCATALOG_COMPILER_GLOBAL_ACCENT_COLOR_NAME = AccentColor;
				ASSETCATALOG_COMPILER_INCLUDE_ALL_APPICON_ASSETS = YES;
				CODE_SIGN_ENTITLEMENTS = Cluber/Cluber.entitlements;
				CODE_SIGN_STYLE = Automatic;
				CURRENT_PROJECT_VERSION = 2.0;
				DEVELOPMENT_ASSET_PATHS = "\"Cluber/Preview Content\"";
				DEVELOPMENT_TEAM = 2V475FZ3N2;
				ENABLE_PREVIEWS = YES;
				GENERATE_INFOPLIST_FILE = YES;
				INFOPLIST_FILE = Cluber/Info.plist;
				INFOPLIST_KEY_CFBundleDisplayName = "Cluber for DIS";
				INFOPLIST_KEY_LSApplicationCategoryType = "public.app-category.education";
				INFOPLIST_KEY_UIApplicationSceneManifest_Generation = YES;
				INFOPLIST_KEY_UIApplicationSupportsIndirectInputEvents = YES;
				INFOPLIST_KEY_UILaunchScreen_Generation = YES;
				INFOPLIST_KEY_UISupportedInterfaceOrientations = UIInterfaceOrientationPortrait;
				INFOPLIST_KEY_UISupportedInterfaceOrientations_iPad = "UIInterfaceOrientationLandscapeLeft UIInterfaceOrientationLandscapeRight UIInterfaceOrientationPortrait UIInterfaceOrientationPortraitUpsideDown";
				IPHONEOS_DEPLOYMENT_TARGET = 17.0;
				LD_RUNPATH_SEARCH_PATHS = (
					"$(inherited)",
					"@executable_path/Frameworks",
				);
				MARKETING_VERSION = 2.3.2;
				PRODUCT_BUNDLE_IDENTIFIER = com.oliverPark.cluber;
				PRODUCT_NAME = "$(TARGET_NAME)";
				SUPPORTED_PLATFORMS = "iphoneos iphonesimulator";
				SUPPORTS_MACCATALYST = NO;
				SUPPORTS_MAC_DESIGNED_FOR_IPHONE_IPAD = NO;
				SUPPORTS_XR_DESIGNED_FOR_IPHONE_IPAD = NO;
				SWIFT_EMIT_LOC_STRINGS = YES;
				SWIFT_VERSION = 5.0;
				TARGETED_DEVICE_FAMILY = "1,2";
			};
			name = Debug;
		};
		34B2AB6F2BD7E1F600821D81 /* Release */ = {
			isa = XCBuildConfiguration;
			buildSettings = {
				ASSETCATALOG_COMPILER_APPICON_NAME = 18Icon;
				ASSETCATALOG_COMPILER_GLOBAL_ACCENT_COLOR_NAME = AccentColor;
				ASSETCATALOG_COMPILER_INCLUDE_ALL_APPICON_ASSETS = YES;
				CODE_SIGN_ENTITLEMENTS = Cluber/Cluber.entitlements;
				CODE_SIGN_STYLE = Automatic;
				CURRENT_PROJECT_VERSION = 2.0;
				DEVELOPMENT_ASSET_PATHS = "\"Cluber/Preview Content\"";
				DEVELOPMENT_TEAM = 2V475FZ3N2;
				ENABLE_PREVIEWS = YES;
				GENERATE_INFOPLIST_FILE = YES;
				INFOPLIST_FILE = Cluber/Info.plist;
				INFOPLIST_KEY_CFBundleDisplayName = "Cluber for DIS";
				INFOPLIST_KEY_LSApplicationCategoryType = "public.app-category.education";
				INFOPLIST_KEY_UIApplicationSceneManifest_Generation = YES;
				INFOPLIST_KEY_UIApplicationSupportsIndirectInputEvents = YES;
				INFOPLIST_KEY_UILaunchScreen_Generation = YES;
				INFOPLIST_KEY_UISupportedInterfaceOrientations = UIInterfaceOrientationPortrait;
				INFOPLIST_KEY_UISupportedInterfaceOrientations_iPad = "UIInterfaceOrientationLandscapeLeft UIInterfaceOrientationLandscapeRight UIInterfaceOrientationPortrait UIInterfaceOrientationPortraitUpsideDown";
				IPHONEOS_DEPLOYMENT_TARGET = 17.0;
				LD_RUNPATH_SEARCH_PATHS = (
					"$(inherited)",
					"@executable_path/Frameworks",
				);
				MARKETING_VERSION = 2.3.2;
				PRODUCT_BUNDLE_IDENTIFIER = com.oliverPark.cluber;
				PRODUCT_NAME = "$(TARGET_NAME)";
				SUPPORTED_PLATFORMS = "iphoneos iphonesimulator";
				SUPPORTS_MACCATALYST = NO;
				SUPPORTS_MAC_DESIGNED_FOR_IPHONE_IPAD = NO;
				SUPPORTS_XR_DESIGNED_FOR_IPHONE_IPAD = NO;
				SWIFT_EMIT_LOC_STRINGS = YES;
				SWIFT_VERSION = 5.0;
				TARGETED_DEVICE_FAMILY = "1,2";
			};
			name = Release;
		};
		34B2AB712BD7E1F600821D81 /* Debug */ = {
			isa = XCBuildConfiguration;
			buildSettings = {
				BUNDLE_LOADER = "$(TEST_HOST)";
				"CODE_SIGN_IDENTITY[sdk=macosx*]" = "Apple Development";
				CODE_SIGN_STYLE = Automatic;
				CURRENT_PROJECT_VERSION = 1;
				DEVELOPMENT_TEAM = 2V475FZ3N2;
				GENERATE_INFOPLIST_FILE = YES;
				IPHONEOS_DEPLOYMENT_TARGET = 17.4;
				MARKETING_VERSION = 1.0;
				PRODUCT_BUNDLE_IDENTIFIER = com.oliverPark.cluberTests;
				PRODUCT_NAME = "$(TARGET_NAME)";
				SWIFT_EMIT_LOC_STRINGS = NO;
				SWIFT_VERSION = 5.0;
				TARGETED_DEVICE_FAMILY = "1,2";
				TEST_HOST = "$(BUILT_PRODUCTS_DIR)/Cluber.app/$(BUNDLE_EXECUTABLE_FOLDER_PATH)/Cluber";
			};
			name = Debug;
		};
		34B2AB722BD7E1F600821D81 /* Release */ = {
			isa = XCBuildConfiguration;
			buildSettings = {
				BUNDLE_LOADER = "$(TEST_HOST)";
				"CODE_SIGN_IDENTITY[sdk=macosx*]" = "Apple Development";
				CODE_SIGN_STYLE = Automatic;
				CURRENT_PROJECT_VERSION = 1;
				DEVELOPMENT_TEAM = 2V475FZ3N2;
				GENERATE_INFOPLIST_FILE = YES;
				IPHONEOS_DEPLOYMENT_TARGET = 17.4;
				MARKETING_VERSION = 1.0;
				PRODUCT_BUNDLE_IDENTIFIER = com.oliverPark.cluberTests;
				PRODUCT_NAME = "$(TARGET_NAME)";
				SWIFT_EMIT_LOC_STRINGS = NO;
				SWIFT_VERSION = 5.0;
				TARGETED_DEVICE_FAMILY = "1,2";
				TEST_HOST = "$(BUILT_PRODUCTS_DIR)/Cluber.app/$(BUNDLE_EXECUTABLE_FOLDER_PATH)/Cluber";
			};
			name = Release;
		};
		34B2AB742BD7E1F600821D81 /* Debug */ = {
			isa = XCBuildConfiguration;
			buildSettings = {
				"CODE_SIGN_IDENTITY[sdk=macosx*]" = "Apple Development";
				CODE_SIGN_STYLE = Automatic;
				CURRENT_PROJECT_VERSION = 1;
				DEVELOPMENT_TEAM = 2V475FZ3N2;
				GENERATE_INFOPLIST_FILE = YES;
				MARKETING_VERSION = 1.0;
				PRODUCT_BUNDLE_IDENTIFIER = com.oliverPark.cluberUITests;
				PRODUCT_NAME = "$(TARGET_NAME)";
				SWIFT_EMIT_LOC_STRINGS = NO;
				SWIFT_VERSION = 5.0;
				TARGETED_DEVICE_FAMILY = "1,2";
				TEST_TARGET_NAME = Cluber;
			};
			name = Debug;
		};
		34B2AB752BD7E1F600821D81 /* Release */ = {
			isa = XCBuildConfiguration;
			buildSettings = {
				"CODE_SIGN_IDENTITY[sdk=macosx*]" = "Apple Development";
				CODE_SIGN_STYLE = Automatic;
				CURRENT_PROJECT_VERSION = 1;
				DEVELOPMENT_TEAM = 2V475FZ3N2;
				GENERATE_INFOPLIST_FILE = YES;
				MARKETING_VERSION = 1.0;
				PRODUCT_BUNDLE_IDENTIFIER = com.oliverPark.cluberUITests;
				PRODUCT_NAME = "$(TARGET_NAME)";
				SWIFT_EMIT_LOC_STRINGS = NO;
				SWIFT_VERSION = 5.0;
				TARGETED_DEVICE_FAMILY = "1,2";
				TEST_TARGET_NAME = Cluber;
			};
			name = Release;
		};
/* End XCBuildConfiguration section */

/* Begin XCConfigurationList section */
		34662DAD2C7A0B0D0090DF3B /* Build configuration list for PBXNativeTarget "Cluber for Watch Watch App" */ = {
			isa = XCConfigurationList;
			buildConfigurations = (
				34662DAE2C7A0B0D0090DF3B /* Debug */,
				34662DAF2C7A0B0D0090DF3B /* Release */,
			);
			defaultConfigurationIsVisible = 0;
			defaultConfigurationName = Release;
		};
		34662DB02C7A0B0D0090DF3B /* Build configuration list for PBXNativeTarget "Cluber for Watch Watch AppTests" */ = {
			isa = XCConfigurationList;
			buildConfigurations = (
				34662DB12C7A0B0D0090DF3B /* Debug */,
				34662DB22C7A0B0D0090DF3B /* Release */,
			);
			defaultConfigurationIsVisible = 0;
			defaultConfigurationName = Release;
		};
		34662DB32C7A0B0D0090DF3B /* Build configuration list for PBXNativeTarget "Cluber for Watch Watch AppUITests" */ = {
			isa = XCConfigurationList;
			buildConfigurations = (
				34662DB42C7A0B0D0090DF3B /* Debug */,
				34662DB52C7A0B0D0090DF3B /* Release */,
			);
			defaultConfigurationIsVisible = 0;
			defaultConfigurationName = Release;
		};
		34B2AB442BD7E1F400821D81 /* Build configuration list for PBXProject "Cluber" */ = {
			isa = XCConfigurationList;
			buildConfigurations = (
				34B2AB6B2BD7E1F600821D81 /* Debug */,
				34B2AB6C2BD7E1F600821D81 /* Release */,
			);
			defaultConfigurationIsVisible = 0;
			defaultConfigurationName = Release;
		};
		34B2AB6D2BD7E1F600821D81 /* Build configuration list for PBXNativeTarget "Cluber" */ = {
			isa = XCConfigurationList;
			buildConfigurations = (
				34B2AB6E2BD7E1F600821D81 /* Debug */,
				34B2AB6F2BD7E1F600821D81 /* Release */,
			);
			defaultConfigurationIsVisible = 0;
			defaultConfigurationName = Release;
		};
		34B2AB702BD7E1F600821D81 /* Build configuration list for PBXNativeTarget "CluberTests" */ = {
			isa = XCConfigurationList;
			buildConfigurations = (
				34B2AB712BD7E1F600821D81 /* Debug */,
				34B2AB722BD7E1F600821D81 /* Release */,
			);
			defaultConfigurationIsVisible = 0;
			defaultConfigurationName = Release;
		};
		34B2AB732BD7E1F600821D81 /* Build configuration list for PBXNativeTarget "CluberUITests" */ = {
			isa = XCConfigurationList;
			buildConfigurations = (
				34B2AB742BD7E1F600821D81 /* Debug */,
				34B2AB752BD7E1F600821D81 /* Release */,
			);
			defaultConfigurationIsVisible = 0;
			defaultConfigurationName = Release;
		};
/* End XCConfigurationList section */

/* Begin XCRemoteSwiftPackageReference section */
		34605BD52C1B0C43003EA9B0 /* XCRemoteSwiftPackageReference "iCalendarParser" */ = {
			isa = XCRemoteSwiftPackageReference;
			repositoryURL = "https://github.com/dmail-me/iCalendarParser.git";
			requirement = {
				kind = upToNextMajorVersion;
				minimumVersion = 0.2.0;
			};
		};
		347590E12C58076500924CB4 /* XCRemoteSwiftPackageReference "ConfettiSwiftUI" */ = {
			isa = XCRemoteSwiftPackageReference;
			repositoryURL = "https://github.com/simibac/ConfettiSwiftUI.git";
			requirement = {
				kind = upToNextMajorVersion;
				minimumVersion = 1.1.0;
			};
		};
/* End XCRemoteSwiftPackageReference section */

/* Begin XCSwiftPackageProductDependency section */
		34605BD62C1B0CA6003EA9B0 /* iCalendarParser */ = {
			isa = XCSwiftPackageProductDependency;
			package = 34605BD52C1B0C43003EA9B0 /* XCRemoteSwiftPackageReference "iCalendarParser" */;
			productName = iCalendarParser;
		};
		347590E22C58076500924CB4 /* ConfettiSwiftUI */ = {
			isa = XCSwiftPackageProductDependency;
			package = 347590E12C58076500924CB4 /* XCRemoteSwiftPackageReference "ConfettiSwiftUI" */;
			productName = ConfettiSwiftUI;
		};
/* End XCSwiftPackageProductDependency section */
	};
	rootObject = 34B2AB412BD7E1F400821D81 /* Project object */;
}
