// !$*UTF8*$!
{
	archiveVersion = 1;
	classes = {
	};
	objectVersion = 56;
	objects = {

/* Begin PBXBuildFile section */
		34605BD72C1B0CA6003EA9B0 /* iCalendarParser in Frameworks */ = {isa = PBXBuildFile; productRef = 34605BD62C1B0CA6003EA9B0 /* iCalendarParser */; };
		34605BDA2C1BEA5E003EA9B0 /* ChangeGradeSettingsView.swift in Sources */ = {isa = PBXBuildFile; fileRef = 34605BD92C1BEA5E003EA9B0 /* ChangeGradeSettingsView.swift */; };
		34605BDC2C1C5B04003EA9B0 /* ChangeNameView.swift in Sources */ = {isa = PBXBuildFile; fileRef = 34605BDB2C1C5B04003EA9B0 /* ChangeNameView.swift */; };
		34605BDE2C1DD639003EA9B0 /* LunchClubShareView.swift in Sources */ = {isa = PBXBuildFile; fileRef = 34605BDD2C1DD639003EA9B0 /* LunchClubShareView.swift */; };
		34605BE02C269353003EA9B0 /* LunchClubDetailsView.swift in Sources */ = {isa = PBXBuildFile; fileRef = 34605BDF2C269353003EA9B0 /* LunchClubDetailsView.swift */; };
		348324FA2BFAF20A005BAA45 /* SettingsView.swift in Sources */ = {isa = PBXBuildFile; fileRef = 348324F92BFAF20A005BAA45 /* SettingsView.swift */; };
		348B73122C3E741D001CBCFE /* LunchModel.swift in Sources */ = {isa = PBXBuildFile; fileRef = 348B73112C3E741D001CBCFE /* LunchModel.swift */; };
		349CAFE82C0BEC1F00642E1B /* ASAData.swift in Sources */ = {isa = PBXBuildFile; fileRef = 349CAFE72C0BEC1F00642E1B /* ASAData.swift */; };
		349CAFEA2C0BEC3000642E1B /* ASADetailView.swift in Sources */ = {isa = PBXBuildFile; fileRef = 349CAFE92C0BEC3000642E1B /* ASADetailView.swift */; };
		34ABE1A12C0ABA14005914CC /* TestView.swift in Sources */ = {isa = PBXBuildFile; fileRef = 34ABE1A02C0ABA14005914CC /* TestView.swift */; };
		34ABE1A72C0ABDAF005914CC /* CalendarView.swift in Sources */ = {isa = PBXBuildFile; fileRef = 34ABE1A62C0ABDAF005914CC /* CalendarView.swift */; };
		34B2AB4D2BD7E1F400821D81 /* CluberApp.swift in Sources */ = {isa = PBXBuildFile; fileRef = 34B2AB4C2BD7E1F400821D81 /* CluberApp.swift */; };
		34B2AB512BD7E1F500821D81 /* Assets.xcassets in Resources */ = {isa = PBXBuildFile; fileRef = 34B2AB502BD7E1F500821D81 /* Assets.xcassets */; };
		34B2AB542BD7E1F500821D81 /* Preview Assets.xcassets in Resources */ = {isa = PBXBuildFile; fileRef = 34B2AB532BD7E1F500821D81 /* Preview Assets.xcassets */; };
		34B2AB5E2BD7E1F600821D81 /* CluberTests.swift in Sources */ = {isa = PBXBuildFile; fileRef = 34B2AB5D2BD7E1F600821D81 /* CluberTests.swift */; };
		34B2AB682BD7E1F600821D81 /* CluberUITests.swift in Sources */ = {isa = PBXBuildFile; fileRef = 34B2AB672BD7E1F600821D81 /* CluberUITests.swift */; };
		34B2AB6A2BD7E1F600821D81 /* CluberUITestsLaunchTests.swift in Sources */ = {isa = PBXBuildFile; fileRef = 34B2AB692BD7E1F600821D81 /* CluberUITestsLaunchTests.swift */; };
		34B2AB772BD7E23100821D81 /* HomeView.swift in Sources */ = {isa = PBXBuildFile; fileRef = 34B2AB762BD7E23100821D81 /* HomeView.swift */; };
		34B2AB792BD7E24400821D81 /* LunchClubView.swift in Sources */ = {isa = PBXBuildFile; fileRef = 34B2AB782BD7E24400821D81 /* LunchClubView.swift */; };
		34B2AB7B2BD7E24900821D81 /* ASAView.swift in Sources */ = {isa = PBXBuildFile; fileRef = 34B2AB7A2BD7E24900821D81 /* ASAView.swift */; };
		34B2AB7D2BD7E25100821D81 /* LunchView.swift in Sources */ = {isa = PBXBuildFile; fileRef = 34B2AB7C2BD7E25100821D81 /* LunchView.swift */; };
		34B2AB7F2BD7E35600821D81 /* ContentView.swift in Sources */ = {isa = PBXBuildFile; fileRef = 34B2AB7E2BD7E35600821D81 /* ContentView.swift */; };
		34B2AB812BD7E76900821D81 /* LunchClubData.swift in Sources */ = {isa = PBXBuildFile; fileRef = 34B2AB802BD7E76900821D81 /* LunchClubData.swift */; };
		34B2AB842BD9062A00821D81 /* ClubView.swift in Sources */ = {isa = PBXBuildFile; fileRef = 34B2AB832BD9062A00821D81 /* ClubView.swift */; };
		34B2ABC72BE7C6C100821D81 /* LunchData.swift in Sources */ = {isa = PBXBuildFile; fileRef = 34B2ABC62BE7C6C100821D81 /* LunchData.swift */; };
		34B2ABC92BE8B77F00821D81 /* OnboardingView.swift in Sources */ = {isa = PBXBuildFile; fileRef = 34B2ABC82BE8B77F00821D81 /* OnboardingView.swift */; };
		34B2ABCD2BEA5C0500821D81 /* OnboardingData.swift in Sources */ = {isa = PBXBuildFile; fileRef = 34B2ABCC2BEA5C0500821D81 /* OnboardingData.swift */; };
		34ED01782C3BAA910021D1DD /* InstagramStories.swift in Sources */ = {isa = PBXBuildFile; fileRef = 34ED01772C3BAA910021D1DD /* InstagramStories.swift */; };
		34ED017E2C3D0EE80021D1DD /* CalendarJSONHelper.swift in Sources */ = {isa = PBXBuildFile; fileRef = 34ED017D2C3D0EE80021D1DD /* CalendarJSONHelper.swift */; };
		34ED01802C3D12540021D1DD /* CalendarModel.swift in Sources */ = {isa = PBXBuildFile; fileRef = 34ED017F2C3D12540021D1DD /* CalendarModel.swift */; };
		34ED01832C3D127B0021D1DD /* GetCalendar.swift in Sources */ = {isa = PBXBuildFile; fileRef = 34ED01822C3D127B0021D1DD /* GetCalendar.swift */; };
		34ED01852C3D128E0021D1DD /* CalendarRowView.swift in Sources */ = {isa = PBXBuildFile; fileRef = 34ED01842C3D128E0021D1DD /* CalendarRowView.swift */; };
		34ED01872C3D12A10021D1DD /* DateExtension.swift in Sources */ = {isa = PBXBuildFile; fileRef = 34ED01862C3D12A10021D1DD /* DateExtension.swift */; };
/* End PBXBuildFile section */

/* Begin PBXContainerItemProxy section */
		34B2AB5A2BD7E1F600821D81 /* PBXContainerItemProxy */ = {
			isa = PBXContainerItemProxy;
			containerPortal = 34B2AB412BD7E1F400821D81 /* Project object */;
			proxyType = 1;
			remoteGlobalIDString = 34B2AB482BD7E1F400821D81;
			remoteInfo = Cluber;
		};
		34B2AB642BD7E1F600821D81 /* PBXContainerItemProxy */ = {
			isa = PBXContainerItemProxy;
			containerPortal = 34B2AB412BD7E1F400821D81 /* Project object */;
			proxyType = 1;
			remoteGlobalIDString = 34B2AB482BD7E1F400821D81;
			remoteInfo = Cluber;
		};
/* End PBXContainerItemProxy section */

/* Begin PBXFileReference section */
		34605BD92C1BEA5E003EA9B0 /* ChangeGradeSettingsView.swift */ = {isa = PBXFileReference; lastKnownFileType = sourcecode.swift; path = ChangeGradeSettingsView.swift; sourceTree = "<group>"; };
		34605BDB2C1C5B04003EA9B0 /* ChangeNameView.swift */ = {isa = PBXFileReference; lastKnownFileType = sourcecode.swift; path = ChangeNameView.swift; sourceTree = "<group>"; };
		34605BDD2C1DD639003EA9B0 /* LunchClubShareView.swift */ = {isa = PBXFileReference; lastKnownFileType = sourcecode.swift; path = LunchClubShareView.swift; sourceTree = "<group>"; };
		34605BDF2C269353003EA9B0 /* LunchClubDetailsView.swift */ = {isa = PBXFileReference; lastKnownFileType = sourcecode.swift; path = LunchClubDetailsView.swift; sourceTree = "<group>"; };
		348324F92BFAF20A005BAA45 /* SettingsView.swift */ = {isa = PBXFileReference; lastKnownFileType = sourcecode.swift; path = SettingsView.swift; sourceTree = "<group>"; };
		348B73112C3E741D001CBCFE /* LunchModel.swift */ = {isa = PBXFileReference; lastKnownFileType = sourcecode.swift; path = LunchModel.swift; sourceTree = "<group>"; };
		349CAFE72C0BEC1F00642E1B /* ASAData.swift */ = {isa = PBXFileReference; lastKnownFileType = sourcecode.swift; path = ASAData.swift; sourceTree = "<group>"; };
		349CAFE92C0BEC3000642E1B /* ASADetailView.swift */ = {isa = PBXFileReference; lastKnownFileType = sourcecode.swift; path = ASADetailView.swift; sourceTree = "<group>"; };
		34ABE1A02C0ABA14005914CC /* TestView.swift */ = {isa = PBXFileReference; lastKnownFileType = sourcecode.swift; path = TestView.swift; sourceTree = "<group>"; };
		34ABE1A62C0ABDAF005914CC /* CalendarView.swift */ = {isa = PBXFileReference; lastKnownFileType = sourcecode.swift; path = CalendarView.swift; sourceTree = "<group>"; };
		34B2AB492BD7E1F400821D81 /* Cluber.app */ = {isa = PBXFileReference; explicitFileType = wrapper.application; includeInIndex = 0; path = Cluber.app; sourceTree = BUILT_PRODUCTS_DIR; };
		34B2AB4C2BD7E1F400821D81 /* CluberApp.swift */ = {isa = PBXFileReference; lastKnownFileType = sourcecode.swift; path = CluberApp.swift; sourceTree = "<group>"; };
		34B2AB502BD7E1F500821D81 /* Assets.xcassets */ = {isa = PBXFileReference; lastKnownFileType = folder.assetcatalog; path = Assets.xcassets; sourceTree = "<group>"; };
		34B2AB532BD7E1F500821D81 /* Preview Assets.xcassets */ = {isa = PBXFileReference; lastKnownFileType = folder.assetcatalog; path = "Preview Assets.xcassets"; sourceTree = "<group>"; };
		34B2AB592BD7E1F600821D81 /* CluberTests.xctest */ = {isa = PBXFileReference; explicitFileType = wrapper.cfbundle; includeInIndex = 0; path = CluberTests.xctest; sourceTree = BUILT_PRODUCTS_DIR; };
		34B2AB5D2BD7E1F600821D81 /* CluberTests.swift */ = {isa = PBXFileReference; lastKnownFileType = sourcecode.swift; path = CluberTests.swift; sourceTree = "<group>"; };
		34B2AB632BD7E1F600821D81 /* CluberUITests.xctest */ = {isa = PBXFileReference; explicitFileType = wrapper.cfbundle; includeInIndex = 0; path = CluberUITests.xctest; sourceTree = BUILT_PRODUCTS_DIR; };
		34B2AB672BD7E1F600821D81 /* CluberUITests.swift */ = {isa = PBXFileReference; lastKnownFileType = sourcecode.swift; path = CluberUITests.swift; sourceTree = "<group>"; };
		34B2AB692BD7E1F600821D81 /* CluberUITestsLaunchTests.swift */ = {isa = PBXFileReference; lastKnownFileType = sourcecode.swift; path = CluberUITestsLaunchTests.swift; sourceTree = "<group>"; };
		34B2AB762BD7E23100821D81 /* HomeView.swift */ = {isa = PBXFileReference; lastKnownFileType = sourcecode.swift; path = HomeView.swift; sourceTree = "<group>"; };
		34B2AB782BD7E24400821D81 /* LunchClubView.swift */ = {isa = PBXFileReference; lastKnownFileType = sourcecode.swift; path = LunchClubView.swift; sourceTree = "<group>"; };
		34B2AB7A2BD7E24900821D81 /* ASAView.swift */ = {isa = PBXFileReference; lastKnownFileType = sourcecode.swift; path = ASAView.swift; sourceTree = "<group>"; };
		34B2AB7C2BD7E25100821D81 /* LunchView.swift */ = {isa = PBXFileReference; lastKnownFileType = sourcecode.swift; path = LunchView.swift; sourceTree = "<group>"; };
		34B2AB7E2BD7E35600821D81 /* ContentView.swift */ = {isa = PBXFileReference; lastKnownFileType = sourcecode.swift; path = ContentView.swift; sourceTree = "<group>"; };
		34B2AB802BD7E76900821D81 /* LunchClubData.swift */ = {isa = PBXFileReference; lastKnownFileType = sourcecode.swift; path = LunchClubData.swift; sourceTree = "<group>"; };
		34B2AB832BD9062A00821D81 /* ClubView.swift */ = {isa = PBXFileReference; lastKnownFileType = sourcecode.swift; path = ClubView.swift; sourceTree = "<group>"; };
		34B2ABC62BE7C6C100821D81 /* LunchData.swift */ = {isa = PBXFileReference; lastKnownFileType = sourcecode.swift; path = LunchData.swift; sourceTree = "<group>"; };
		34B2ABC82BE8B77F00821D81 /* OnboardingView.swift */ = {isa = PBXFileReference; lastKnownFileType = sourcecode.swift; path = OnboardingView.swift; sourceTree = "<group>"; };
		34B2ABCC2BEA5C0500821D81 /* OnboardingData.swift */ = {isa = PBXFileReference; lastKnownFileType = sourcecode.swift; path = OnboardingData.swift; sourceTree = "<group>"; };
		34ED01772C3BAA910021D1DD /* InstagramStories.swift */ = {isa = PBXFileReference; lastKnownFileType = sourcecode.swift; path = InstagramStories.swift; sourceTree = "<group>"; };
		34ED017D2C3D0EE80021D1DD /* CalendarJSONHelper.swift */ = {isa = PBXFileReference; lastKnownFileType = sourcecode.swift; path = CalendarJSONHelper.swift; sourceTree = "<group>"; };
		34ED017F2C3D12540021D1DD /* CalendarModel.swift */ = {isa = PBXFileReference; lastKnownFileType = sourcecode.swift; path = CalendarModel.swift; sourceTree = "<group>"; };
		34ED01822C3D127B0021D1DD /* GetCalendar.swift */ = {isa = PBXFileReference; lastKnownFileType = sourcecode.swift; path = GetCalendar.swift; sourceTree = "<group>"; };
		34ED01842C3D128E0021D1DD /* CalendarRowView.swift */ = {isa = PBXFileReference; lastKnownFileType = sourcecode.swift; path = CalendarRowView.swift; sourceTree = "<group>"; };
		34ED01862C3D12A10021D1DD /* DateExtension.swift */ = {isa = PBXFileReference; lastKnownFileType = sourcecode.swift; path = DateExtension.swift; sourceTree = "<group>"; };
/* End PBXFileReference section */

/* Begin PBXFrameworksBuildPhase section */
		34B2AB462BD7E1F400821D81 /* Frameworks */ = {
			isa = PBXFrameworksBuildPhase;
			buildActionMask = 2147483647;
			files = (
				34605BD72C1B0CA6003EA9B0 /* iCalendarParser in Frameworks */,
			);
			runOnlyForDeploymentPostprocessing = 0;
		};
		34B2AB562BD7E1F600821D81 /* Frameworks */ = {
			isa = PBXFrameworksBuildPhase;
			buildActionMask = 2147483647;
			files = (
			);
			runOnlyForDeploymentPostprocessing = 0;
		};
		34B2AB602BD7E1F600821D81 /* Frameworks */ = {
			isa = PBXFrameworksBuildPhase;
			buildActionMask = 2147483647;
			files = (
			);
			runOnlyForDeploymentPostprocessing = 0;
		};
/* End PBXFrameworksBuildPhase section */

/* Begin PBXGroup section */
		34605BD82C1BEA4B003EA9B0 /* Settings */ = {
			isa = PBXGroup;
			children = (
				348324F92BFAF20A005BAA45 /* SettingsView.swift */,
				34605BD92C1BEA5E003EA9B0 /* ChangeGradeSettingsView.swift */,
				34605BDB2C1C5B04003EA9B0 /* ChangeNameView.swift */,
			);
			path = Settings;
			sourceTree = "<group>";
		};
		349CAFE62C0BEC0E00642E1B /* ASA */ = {
			isa = PBXGroup;
			children = (
				34B2AB7A2BD7E24900821D81 /* ASAView.swift */,
				349CAFE92C0BEC3000642E1B /* ASADetailView.swift */,
				349CAFE72C0BEC1F00642E1B /* ASAData.swift */,
			);
			path = ASA;
			sourceTree = "<group>";
		};
		34ABE1A52C0ABD9F005914CC /* Home */ = {
			isa = PBXGroup;
			children = (
				34B2AB762BD7E23100821D81 /* HomeView.swift */,
				34ABE1A62C0ABDAF005914CC /* CalendarView.swift */,
			);
			path = Home;
			sourceTree = "<group>";
		};
		34B2AB402BD7E1F400821D81 = {
			isa = PBXGroup;
			children = (
				34B2AB4B2BD7E1F400821D81 /* Cluber */,
				34B2AB5C2BD7E1F600821D81 /* CluberTests */,
				34B2AB662BD7E1F600821D81 /* CluberUITests */,
				34B2AB4A2BD7E1F400821D81 /* Products */,
			);
			sourceTree = "<group>";
		};
		34B2AB4A2BD7E1F400821D81 /* Products */ = {
			isa = PBXGroup;
			children = (
				34B2AB492BD7E1F400821D81 /* Cluber.app */,
				34B2AB592BD7E1F600821D81 /* CluberTests.xctest */,
				34B2AB632BD7E1F600821D81 /* CluberUITests.xctest */,
			);
			name = Products;
			sourceTree = "<group>";
		};
		34B2AB4B2BD7E1F400821D81 /* Cluber */ = {
			isa = PBXGroup;
			children = (
				34B2AB4C2BD7E1F400821D81 /* CluberApp.swift */,
				34B2AB7E2BD7E35600821D81 /* ContentView.swift */,
				34ABE1A02C0ABA14005914CC /* TestView.swift */,
				34B2AB832BD9062A00821D81 /* ClubView.swift */,
				34ED01772C3BAA910021D1DD /* InstagramStories.swift */,
				34ED01812C3D125F0021D1DD /* Calendar */,
				34605BD82C1BEA4B003EA9B0 /* Settings */,
				34B2ABCE2BEA5C0A00821D81 /* Onboarding Screen */,
				34ABE1A52C0ABD9F005914CC /* Home */,
				34B2AB822BD7E77400821D81 /* Lunch Club */,
				349CAFE62C0BEC0E00642E1B /* ASA */,
				34B2ABC52BE7C6AD00821D81 /* Lunch  */,
				34B2AB502BD7E1F500821D81 /* Assets.xcassets */,
				34B2AB522BD7E1F500821D81 /* Preview Content */,
			);
			path = Cluber;
			sourceTree = "<group>";
		};
		34B2AB522BD7E1F500821D81 /* Preview Content */ = {
			isa = PBXGroup;
			children = (
				34B2AB532BD7E1F500821D81 /* Preview Assets.xcassets */,
			);
			path = "Preview Content";
			sourceTree = "<group>";
		};
		34B2AB5C2BD7E1F600821D81 /* CluberTests */ = {
			isa = PBXGroup;
			children = (
				34B2AB5D2BD7E1F600821D81 /* CluberTests.swift */,
			);
			path = CluberTests;
			sourceTree = "<group>";
		};
		34B2AB662BD7E1F600821D81 /* CluberUITests */ = {
			isa = PBXGroup;
			children = (
				34B2AB672BD7E1F600821D81 /* CluberUITests.swift */,
				34B2AB692BD7E1F600821D81 /* CluberUITestsLaunchTests.swift */,
			);
			path = CluberUITests;
			sourceTree = "<group>";
		};
		34B2AB822BD7E77400821D81 /* Lunch Club */ = {
			isa = PBXGroup;
			children = (
				34B2AB782BD7E24400821D81 /* LunchClubView.swift */,
				34605BDD2C1DD639003EA9B0 /* LunchClubShareView.swift */,
				34605BDF2C269353003EA9B0 /* LunchClubDetailsView.swift */,
				34B2AB802BD7E76900821D81 /* LunchClubData.swift */,
			);
			path = "Lunch Club";
			sourceTree = "<group>";
		};
		34B2ABC52BE7C6AD00821D81 /* Lunch  */ = {
			isa = PBXGroup;
			children = (
				34B2AB7C2BD7E25100821D81 /* LunchView.swift */,
				34B2ABC62BE7C6C100821D81 /* LunchData.swift */,
				348B73112C3E741D001CBCFE /* LunchModel.swift */,
			);
			path = "Lunch ";
			sourceTree = "<group>";
		};
		34B2ABCE2BEA5C0A00821D81 /* Onboarding Screen */ = {
			isa = PBXGroup;
			children = (
				34B2ABC82BE8B77F00821D81 /* OnboardingView.swift */,
				34B2ABCC2BEA5C0500821D81 /* OnboardingData.swift */,
			);
			path = "Onboarding Screen";
			sourceTree = "<group>";
		};
		34ED01812C3D125F0021D1DD /* Calendar */ = {
			isa = PBXGroup;
			children = (
				34ED017F2C3D12540021D1DD /* CalendarModel.swift */,
				34ED017D2C3D0EE80021D1DD /* CalendarJSONHelper.swift */,
				34ED01822C3D127B0021D1DD /* GetCalendar.swift */,
				34ED01842C3D128E0021D1DD /* CalendarRowView.swift */,
				34ED01862C3D12A10021D1DD /* DateExtension.swift */,
			);
			path = Calendar;
			sourceTree = "<group>";
		};
/* End PBXGroup section */

/* Begin PBXNativeTarget section */
		34B2AB482BD7E1F400821D81 /* Cluber */ = {
			isa = PBXNativeTarget;
			buildConfigurationList = 34B2AB6D2BD7E1F600821D81 /* Build configuration list for PBXNativeTarget "Cluber" */;
			buildPhases = (
				34B2AB452BD7E1F400821D81 /* Sources */,
				34B2AB462BD7E1F400821D81 /* Frameworks */,
				34B2AB472BD7E1F400821D81 /* Resources */,
			);
			buildRules = (
			);
			dependencies = (
			);
			name = Cluber;
			packageProductDependencies = (
				34605BD62C1B0CA6003EA9B0 /* iCalendarParser */,
			);
			productName = Cluber;
			productReference = 34B2AB492BD7E1F400821D81 /* Cluber.app */;
			productType = "com.apple.product-type.application";
		};
		34B2AB582BD7E1F600821D81 /* CluberTests */ = {
			isa = PBXNativeTarget;
			buildConfigurationList = 34B2AB702BD7E1F600821D81 /* Build configuration list for PBXNativeTarget "CluberTests" */;
			buildPhases = (
				34B2AB552BD7E1F600821D81 /* Sources */,
				34B2AB562BD7E1F600821D81 /* Frameworks */,
				34B2AB572BD7E1F600821D81 /* Resources */,
			);
			buildRules = (
			);
			dependencies = (
				34B2AB5B2BD7E1F600821D81 /* PBXTargetDependency */,
			);
			name = CluberTests;
			productName = CluberTests;
			productReference = 34B2AB592BD7E1F600821D81 /* CluberTests.xctest */;
			productType = "com.apple.product-type.bundle.unit-test";
		};
		34B2AB622BD7E1F600821D81 /* CluberUITests */ = {
			isa = PBXNativeTarget;
			buildConfigurationList = 34B2AB732BD7E1F600821D81 /* Build configuration list for PBXNativeTarget "CluberUITests" */;
			buildPhases = (
				34B2AB5F2BD7E1F600821D81 /* Sources */,
				34B2AB602BD7E1F600821D81 /* Frameworks */,
				34B2AB612BD7E1F600821D81 /* Resources */,
			);
			buildRules = (
			);
			dependencies = (
				34B2AB652BD7E1F600821D81 /* PBXTargetDependency */,
			);
			name = CluberUITests;
			productName = CluberUITests;
			productReference = 34B2AB632BD7E1F600821D81 /* CluberUITests.xctest */;
			productType = "com.apple.product-type.bundle.ui-testing";
		};
/* End PBXNativeTarget section */

/* Begin PBXProject section */
		34B2AB412BD7E1F400821D81 /* Project object */ = {
			isa = PBXProject;
			attributes = {
				BuildIndependentTargetsInParallel = 1;
				LastSwiftUpdateCheck = 1530;
				LastUpgradeCheck = 1530;
				TargetAttributes = {
					34B2AB482BD7E1F400821D81 = {
						CreatedOnToolsVersion = 15.3;
					};
					34B2AB582BD7E1F600821D81 = {
						CreatedOnToolsVersion = 15.3;
						TestTargetID = 34B2AB482BD7E1F400821D81;
					};
					34B2AB622BD7E1F600821D81 = {
						CreatedOnToolsVersion = 15.3;
						TestTargetID = 34B2AB482BD7E1F400821D81;
					};
				};
			};
			buildConfigurationList = 34B2AB442BD7E1F400821D81 /* Build configuration list for PBXProject "Cluber" */;
			compatibilityVersion = "Xcode 14.0";
			developmentRegion = en;
			hasScannedForEncodings = 0;
			knownRegions = (
				en,
				Base,
			);
			mainGroup = 34B2AB402BD7E1F400821D81;
			packageReferences = (
				34605BD52C1B0C43003EA9B0 /* XCRemoteSwiftPackageReference "iCalendarParser" */,
			);
			productRefGroup = 34B2AB4A2BD7E1F400821D81 /* Products */;
			projectDirPath = "";
			projectRoot = "";
			targets = (
				34B2AB482BD7E1F400821D81 /* Cluber */,
				34B2AB582BD7E1F600821D81 /* CluberTests */,
				34B2AB622BD7E1F600821D81 /* CluberUITests */,
			);
		};
/* End PBXProject section */

/* Begin PBXResourcesBuildPhase section */
		34B2AB472BD7E1F400821D81 /* Resources */ = {
			isa = PBXResourcesBuildPhase;
			buildActionMask = 2147483647;
			files = (
				34B2AB542BD7E1F500821D81 /* Preview Assets.xcassets in Resources */,
				34B2AB512BD7E1F500821D81 /* Assets.xcassets in Resources */,
			);
			runOnlyForDeploymentPostprocessing = 0;
		};
		34B2AB572BD7E1F600821D81 /* Resources */ = {
			isa = PBXResourcesBuildPhase;
			buildActionMask = 2147483647;
			files = (
			);
			runOnlyForDeploymentPostprocessing = 0;
		};
		34B2AB612BD7E1F600821D81 /* Resources */ = {
			isa = PBXResourcesBuildPhase;
			buildActionMask = 2147483647;
			files = (
			);
			runOnlyForDeploymentPostprocessing = 0;
		};
/* End PBXResourcesBuildPhase section */

/* Begin PBXSourcesBuildPhase section */
		34B2AB452BD7E1F400821D81 /* Sources */ = {
			isa = PBXSourcesBuildPhase;
			buildActionMask = 2147483647;
			files = (
				34ABE1A12C0ABA14005914CC /* TestView.swift in Sources */,
				34ED01802C3D12540021D1DD /* CalendarModel.swift in Sources */,
				349CAFEA2C0BEC3000642E1B /* ASADetailView.swift in Sources */,
				34ED017E2C3D0EE80021D1DD /* CalendarJSONHelper.swift in Sources */,
				34B2ABCD2BEA5C0500821D81 /* OnboardingData.swift in Sources */,
				34B2AB7D2BD7E25100821D81 /* LunchView.swift in Sources */,
				34B2ABC72BE7C6C100821D81 /* LunchData.swift in Sources */,
				34605BDA2C1BEA5E003EA9B0 /* ChangeGradeSettingsView.swift in Sources */,
				34ED01832C3D127B0021D1DD /* GetCalendar.swift in Sources */,
				34605BE02C269353003EA9B0 /* LunchClubDetailsView.swift in Sources */,
				34ED01782C3BAA910021D1DD /* InstagramStories.swift in Sources */,
				34B2AB7B2BD7E24900821D81 /* ASAView.swift in Sources */,
				34B2ABC92BE8B77F00821D81 /* OnboardingView.swift in Sources */,
				349CAFE82C0BEC1F00642E1B /* ASAData.swift in Sources */,
				34B2AB842BD9062A00821D81 /* ClubView.swift in Sources */,
				34B2AB7F2BD7E35600821D81 /* ContentView.swift in Sources */,
				34ABE1A72C0ABDAF005914CC /* CalendarView.swift in Sources */,
				34B2AB4D2BD7E1F400821D81 /* CluberApp.swift in Sources */,
				348B73122C3E741D001CBCFE /* LunchModel.swift in Sources */,
				34605BDC2C1C5B04003EA9B0 /* ChangeNameView.swift in Sources */,
				34B2AB812BD7E76900821D81 /* LunchClubData.swift in Sources */,
				34605BDE2C1DD639003EA9B0 /* LunchClubShareView.swift in Sources */,
				34ED01852C3D128E0021D1DD /* CalendarRowView.swift in Sources */,
				34ED01872C3D12A10021D1DD /* DateExtension.swift in Sources */,
				34B2AB792BD7E24400821D81 /* LunchClubView.swift in Sources */,
				348324FA2BFAF20A005BAA45 /* SettingsView.swift in Sources */,
				34B2AB772BD7E23100821D81 /* HomeView.swift in Sources */,
			);
			runOnlyForDeploymentPostprocessing = 0;
		};
		34B2AB552BD7E1F600821D81 /* Sources */ = {
			isa = PBXSourcesBuildPhase;
			buildActionMask = 2147483647;
			files = (
				34B2AB5E2BD7E1F600821D81 /* CluberTests.swift in Sources */,
			);
			runOnlyForDeploymentPostprocessing = 0;
		};
		34B2AB5F2BD7E1F600821D81 /* Sources */ = {
			isa = PBXSourcesBuildPhase;
			buildActionMask = 2147483647;
			files = (
				34B2AB682BD7E1F600821D81 /* CluberUITests.swift in Sources */,
				34B2AB6A2BD7E1F600821D81 /* CluberUITestsLaunchTests.swift in Sources */,
			);
			runOnlyForDeploymentPostprocessing = 0;
		};
/* End PBXSourcesBuildPhase section */

/* Begin PBXTargetDependency section */
		34B2AB5B2BD7E1F600821D81 /* PBXTargetDependency */ = {
			isa = PBXTargetDependency;
			target = 34B2AB482BD7E1F400821D81 /* Cluber */;
			targetProxy = 34B2AB5A2BD7E1F600821D81 /* PBXContainerItemProxy */;
		};
		34B2AB652BD7E1F600821D81 /* PBXTargetDependency */ = {
			isa = PBXTargetDependency;
			target = 34B2AB482BD7E1F400821D81 /* Cluber */;
			targetProxy = 34B2AB642BD7E1F600821D81 /* PBXContainerItemProxy */;
		};
/* End PBXTargetDependency section */

/* Begin XCBuildConfiguration section */
		34B2AB6B2BD7E1F600821D81 /* Debug */ = {
			isa = XCBuildConfiguration;
			buildSettings = {
				ALWAYS_SEARCH_USER_PATHS = NO;
				ASSETCATALOG_COMPILER_GENERATE_SWIFT_ASSET_SYMBOL_EXTENSIONS = YES;
				CLANG_ANALYZER_NONNULL = YES;
				CLANG_ANALYZER_NUMBER_OBJECT_CONVERSION = YES_AGGRESSIVE;
				CLANG_CXX_LANGUAGE_STANDARD = "gnu++20";
				CLANG_ENABLE_MODULES = YES;
				CLANG_ENABLE_OBJC_ARC = YES;
				CLANG_ENABLE_OBJC_WEAK = YES;
				CLANG_WARN_BLOCK_CAPTURE_AUTORELEASING = YES;
				CLANG_WARN_BOOL_CONVERSION = YES;
				CLANG_WARN_COMMA = YES;
				CLANG_WARN_CONSTANT_CONVERSION = YES;
				CLANG_WARN_DEPRECATED_OBJC_IMPLEMENTATIONS = YES;
				CLANG_WARN_DIRECT_OBJC_ISA_USAGE = YES_ERROR;
				CLANG_WARN_DOCUMENTATION_COMMENTS = YES;
				CLANG_WARN_EMPTY_BODY = YES;
				CLANG_WARN_ENUM_CONVERSION = YES;
				CLANG_WARN_INFINITE_RECURSION = YES;
				CLANG_WARN_INT_CONVERSION = YES;
				CLANG_WARN_NON_LITERAL_NULL_CONVERSION = YES;
				CLANG_WARN_OBJC_IMPLICIT_RETAIN_SELF = YES;
				CLANG_WARN_OBJC_LITERAL_CONVERSION = YES;
				CLANG_WARN_OBJC_ROOT_CLASS = YES_ERROR;
				CLANG_WARN_QUOTED_INCLUDE_IN_FRAMEWORK_HEADER = YES;
				CLANG_WARN_RANGE_LOOP_ANALYSIS = YES;
				CLANG_WARN_STRICT_PROTOTYPES = YES;
				CLANG_WARN_SUSPICIOUS_MOVE = YES;
				CLANG_WARN_UNGUARDED_AVAILABILITY = YES_AGGRESSIVE;
				CLANG_WARN_UNREACHABLE_CODE = YES;
				CLANG_WARN__DUPLICATE_METHOD_MATCH = YES;
				COPY_PHASE_STRIP = NO;
				DEBUG_INFORMATION_FORMAT = dwarf;
				ENABLE_STRICT_OBJC_MSGSEND = YES;
				ENABLE_TESTABILITY = YES;
				ENABLE_USER_SCRIPT_SANDBOXING = YES;
				GCC_C_LANGUAGE_STANDARD = gnu17;
				GCC_DYNAMIC_NO_PIC = NO;
				GCC_NO_COMMON_BLOCKS = YES;
				GCC_OPTIMIZATION_LEVEL = 0;
				GCC_PREPROCESSOR_DEFINITIONS = (
					"DEBUG=1",
					"$(inherited)",
				);
				GCC_WARN_64_TO_32_BIT_CONVERSION = YES;
				GCC_WARN_ABOUT_RETURN_TYPE = YES_ERROR;
				GCC_WARN_UNDECLARED_SELECTOR = YES;
				GCC_WARN_UNINITIALIZED_AUTOS = YES_AGGRESSIVE;
				GCC_WARN_UNUSED_FUNCTION = YES;
				GCC_WARN_UNUSED_VARIABLE = YES;
				IPHONEOS_DEPLOYMENT_TARGET = 17.5;
				LOCALIZATION_PREFERS_STRING_CATALOGS = YES;
				MTL_ENABLE_DEBUG_INFO = INCLUDE_SOURCE;
				MTL_FAST_MATH = YES;
				ONLY_ACTIVE_ARCH = YES;
				SDKROOT = iphoneos;
				SWIFT_ACTIVE_COMPILATION_CONDITIONS = "DEBUG $(inherited)";
				SWIFT_OPTIMIZATION_LEVEL = "-Onone";
			};
			name = Debug;
		};
		34B2AB6C2BD7E1F600821D81 /* Release */ = {
			isa = XCBuildConfiguration;
			buildSettings = {
				ALWAYS_SEARCH_USER_PATHS = NO;
				ASSETCATALOG_COMPILER_GENERATE_SWIFT_ASSET_SYMBOL_EXTENSIONS = YES;
				CLANG_ANALYZER_NONNULL = YES;
				CLANG_ANALYZER_NUMBER_OBJECT_CONVERSION = YES_AGGRESSIVE;
				CLANG_CXX_LANGUAGE_STANDARD = "gnu++20";
				CLANG_ENABLE_MODULES = YES;
				CLANG_ENABLE_OBJC_ARC = YES;
				CLANG_ENABLE_OBJC_WEAK = YES;
				CLANG_WARN_BLOCK_CAPTURE_AUTORELEASING = YES;
				CLANG_WARN_BOOL_CONVERSION = YES;
				CLANG_WARN_COMMA = YES;
				CLANG_WARN_CONSTANT_CONVERSION = YES;
				CLANG_WARN_DEPRECATED_OBJC_IMPLEMENTATIONS = YES;
				CLANG_WARN_DIRECT_OBJC_ISA_USAGE = YES_ERROR;
				CLANG_WARN_DOCUMENTATION_COMMENTS = YES;
				CLANG_WARN_EMPTY_BODY = YES;
				CLANG_WARN_ENUM_CONVERSION = YES;
				CLANG_WARN_INFINITE_RECURSION = YES;
				CLANG_WARN_INT_CONVERSION = YES;
				CLANG_WARN_NON_LITERAL_NULL_CONVERSION = YES;
				CLANG_WARN_OBJC_IMPLICIT_RETAIN_SELF = YES;
				CLANG_WARN_OBJC_LITERAL_CONVERSION = YES;
				CLANG_WARN_OBJC_ROOT_CLASS = YES_ERROR;
				CLANG_WARN_QUOTED_INCLUDE_IN_FRAMEWORK_HEADER = YES;
				CLANG_WARN_RANGE_LOOP_ANALYSIS = YES;
				CLANG_WARN_STRICT_PROTOTYPES = YES;
				CLANG_WARN_SUSPICIOUS_MOVE = YES;
				CLANG_WARN_UNGUARDED_AVAILABILITY = YES_AGGRESSIVE;
				CLANG_WARN_UNREACHABLE_CODE = YES;
				CLANG_WARN__DUPLICATE_METHOD_MATCH = YES;
				COPY_PHASE_STRIP = NO;
				DEBUG_INFORMATION_FORMAT = "dwarf-with-dsym";
				ENABLE_NS_ASSERTIONS = NO;
				ENABLE_STRICT_OBJC_MSGSEND = YES;
				ENABLE_USER_SCRIPT_SANDBOXING = YES;
				GCC_C_LANGUAGE_STANDARD = gnu17;
				GCC_NO_COMMON_BLOCKS = YES;
				GCC_WARN_64_TO_32_BIT_CONVERSION = YES;
				GCC_WARN_ABOUT_RETURN_TYPE = YES_ERROR;
				GCC_WARN_UNDECLARED_SELECTOR = YES;
				GCC_WARN_UNINITIALIZED_AUTOS = YES_AGGRESSIVE;
				GCC_WARN_UNUSED_FUNCTION = YES;
				GCC_WARN_UNUSED_VARIABLE = YES;
				IPHONEOS_DEPLOYMENT_TARGET = 17.5;
				LOCALIZATION_PREFERS_STRING_CATALOGS = YES;
				MTL_ENABLE_DEBUG_INFO = NO;
				MTL_FAST_MATH = YES;
				SDKROOT = iphoneos;
				SWIFT_COMPILATION_MODE = wholemodule;
				VALIDATE_PRODUCT = YES;
			};
			name = Release;
		};
		34B2AB6E2BD7E1F600821D81 /* Debug */ = {
			isa = XCBuildConfiguration;
			buildSettings = {
				ASSETCATALOG_COMPILER_APPICON_NAME = AppIcon;
				ASSETCATALOG_COMPILER_GLOBAL_ACCENT_COLOR_NAME = AccentColor;
				CODE_SIGN_STYLE = Automatic;
				CURRENT_PROJECT_VERSION = 1;
				DEVELOPMENT_ASSET_PATHS = "\"Cluber/Preview Content\"";
				DEVELOPMENT_TEAM = RASZ5V56S7;
				ENABLE_PREVIEWS = YES;
				GENERATE_INFOPLIST_FILE = YES;
				INFOPLIST_KEY_LSApplicationCategoryType = "public.app-category.productivity";
				INFOPLIST_KEY_UIApplicationSceneManifest_Generation = YES;
				INFOPLIST_KEY_UIApplicationSupportsIndirectInputEvents = YES;
				INFOPLIST_KEY_UILaunchScreen_Generation = YES;
				INFOPLIST_KEY_UISupportedInterfaceOrientations = UIInterfaceOrientationPortrait;
				IPHONEOS_DEPLOYMENT_TARGET = 17.0;
				LD_RUNPATH_SEARCH_PATHS = (
					"$(inherited)",
					"@executable_path/Frameworks",
				);
				MARKETING_VERSION = 1.0;
				PRODUCT_BUNDLE_IDENTIFIER = "site.notion.ollie-dev.Cluber";
				PRODUCT_NAME = "$(TARGET_NAME)";
				SWIFT_EMIT_LOC_STRINGS = YES;
				SWIFT_VERSION = 5.0;
				TARGETED_DEVICE_FAMILY = 1;
			};
			name = Debug;
		};
		34B2AB6F2BD7E1F600821D81 /* Release */ = {
			isa = XCBuildConfiguration;
			buildSettings = {
				ASSETCATALOG_COMPILER_APPICON_NAME = AppIcon;
				ASSETCATALOG_COMPILER_GLOBAL_ACCENT_COLOR_NAME = AccentColor;
				CODE_SIGN_STYLE = Automatic;
				CURRENT_PROJECT_VERSION = 1;
				DEVELOPMENT_ASSET_PATHS = "\"Cluber/Preview Content\"";
				DEVELOPMENT_TEAM = RASZ5V56S7;
				ENABLE_PREVIEWS = YES;
				GENERATE_INFOPLIST_FILE = YES;
				INFOPLIST_KEY_LSApplicationCategoryType = "public.app-category.productivity";
				INFOPLIST_KEY_UIApplicationSceneManifest_Generation = YES;
				INFOPLIST_KEY_UIApplicationSupportsIndirectInputEvents = YES;
				INFOPLIST_KEY_UILaunchScreen_Generation = YES;
				INFOPLIST_KEY_UISupportedInterfaceOrientations = UIInterfaceOrientationPortrait;
				IPHONEOS_DEPLOYMENT_TARGET = 17.0;
				LD_RUNPATH_SEARCH_PATHS = (
					"$(inherited)",
					"@executable_path/Frameworks",
				);
				MARKETING_VERSION = 1.0;
				PRODUCT_BUNDLE_IDENTIFIER = "site.notion.ollie-dev.Cluber";
				PRODUCT_NAME = "$(TARGET_NAME)";
				SWIFT_EMIT_LOC_STRINGS = YES;
				SWIFT_VERSION = 5.0;
				TARGETED_DEVICE_FAMILY = 1;
			};
			name = Release;
		};
		34B2AB712BD7E1F600821D81 /* Debug */ = {
			isa = XCBuildConfiguration;
			buildSettings = {
				ALWAYS_EMBED_SWIFT_STANDARD_LIBRARIES = YES;
				BUNDLE_LOADER = "$(TEST_HOST)";
				CODE_SIGN_STYLE = Automatic;
				CURRENT_PROJECT_VERSION = 1;
				DEVELOPMENT_TEAM = RASZ5V56S7;
				GENERATE_INFOPLIST_FILE = YES;
				IPHONEOS_DEPLOYMENT_TARGET = 17.4;
				MARKETING_VERSION = 1.0;
				PRODUCT_BUNDLE_IDENTIFIER = "site.notion.ollie-dev.CluberTests";
				PRODUCT_NAME = "$(TARGET_NAME)";
				SWIFT_EMIT_LOC_STRINGS = NO;
				SWIFT_VERSION = 5.0;
				TARGETED_DEVICE_FAMILY = "1,2";
				TEST_HOST = "$(BUILT_PRODUCTS_DIR)/Cluber.app/$(BUNDLE_EXECUTABLE_FOLDER_PATH)/Cluber";
			};
			name = Debug;
		};
		34B2AB722BD7E1F600821D81 /* Release */ = {
			isa = XCBuildConfiguration;
			buildSettings = {
				ALWAYS_EMBED_SWIFT_STANDARD_LIBRARIES = YES;
				BUNDLE_LOADER = "$(TEST_HOST)";
				CODE_SIGN_STYLE = Automatic;
				CURRENT_PROJECT_VERSION = 1;
				DEVELOPMENT_TEAM = RASZ5V56S7;
				GENERATE_INFOPLIST_FILE = YES;
				IPHONEOS_DEPLOYMENT_TARGET = 17.4;
				MARKETING_VERSION = 1.0;
				PRODUCT_BUNDLE_IDENTIFIER = "site.notion.ollie-dev.CluberTests";
				PRODUCT_NAME = "$(TARGET_NAME)";
				SWIFT_EMIT_LOC_STRINGS = NO;
				SWIFT_VERSION = 5.0;
				TARGETED_DEVICE_FAMILY = "1,2";
				TEST_HOST = "$(BUILT_PRODUCTS_DIR)/Cluber.app/$(BUNDLE_EXECUTABLE_FOLDER_PATH)/Cluber";
			};
			name = Release;
		};
		34B2AB742BD7E1F600821D81 /* Debug */ = {
			isa = XCBuildConfiguration;
			buildSettings = {
				ALWAYS_EMBED_SWIFT_STANDARD_LIBRARIES = YES;
				"CODE_SIGN_IDENTITY[sdk=macosx*]" = "Apple Development";
				CODE_SIGN_STYLE = Automatic;
				CURRENT_PROJECT_VERSION = 1;
				DEVELOPMENT_TEAM = 2V475FZ3N2;
				GENERATE_INFOPLIST_FILE = YES;
				MARKETING_VERSION = 1.0;
				PRODUCT_NAME = "$(TARGET_NAME)";
				SWIFT_EMIT_LOC_STRINGS = NO;
				SWIFT_VERSION = 5.0;
				TARGETED_DEVICE_FAMILY = "1,2";
				TEST_TARGET_NAME = Cluber;
			};
			name = Debug;
		};
		34B2AB752BD7E1F600821D81 /* Release */ = {
			isa = XCBuildConfiguration;
			buildSettings = {
				ALWAYS_EMBED_SWIFT_STANDARD_LIBRARIES = YES;
				"CODE_SIGN_IDENTITY[sdk=macosx*]" = "Apple Development";
				CODE_SIGN_STYLE = Automatic;
				CURRENT_PROJECT_VERSION = 1;
				DEVELOPMENT_TEAM = 2V475FZ3N2;
				GENERATE_INFOPLIST_FILE = YES;
				MARKETING_VERSION = 1.0;
				PRODUCT_NAME = "$(TARGET_NAME)";
				SWIFT_EMIT_LOC_STRINGS = NO;
				SWIFT_VERSION = 5.0;
				TARGETED_DEVICE_FAMILY = "1,2";
				TEST_TARGET_NAME = Cluber;
			};
			name = Release;
		};
/* End XCBuildConfiguration section */

/* Begin XCConfigurationList section */
		34B2AB442BD7E1F400821D81 /* Build configuration list for PBXProject "Cluber" */ = {
			isa = XCConfigurationList;
			buildConfigurations = (
				34B2AB6B2BD7E1F600821D81 /* Debug */,
				34B2AB6C2BD7E1F600821D81 /* Release */,
			);
			defaultConfigurationIsVisible = 0;
			defaultConfigurationName = Release;
		};
		34B2AB6D2BD7E1F600821D81 /* Build configuration list for PBXNativeTarget "Cluber" */ = {
			isa = XCConfigurationList;
			buildConfigurations = (
				34B2AB6E2BD7E1F600821D81 /* Debug */,
				34B2AB6F2BD7E1F600821D81 /* Release */,
			);
			defaultConfigurationIsVisible = 0;
			defaultConfigurationName = Release;
		};
		34B2AB702BD7E1F600821D81 /* Build configuration list for PBXNativeTarget "CluberTests" */ = {
			isa = XCConfigurationList;
			buildConfigurations = (
				34B2AB712BD7E1F600821D81 /* Debug */,
				34B2AB722BD7E1F600821D81 /* Release */,
			);
			defaultConfigurationIsVisible = 0;
			defaultConfigurationName = Release;
		};
		34B2AB732BD7E1F600821D81 /* Build configuration list for PBXNativeTarget "CluberUITests" */ = {
			isa = XCConfigurationList;
			buildConfigurations = (
				34B2AB742BD7E1F600821D81 /* Debug */,
				34B2AB752BD7E1F600821D81 /* Release */,
			);
			defaultConfigurationIsVisible = 0;
			defaultConfigurationName = Release;
		};
/* End XCConfigurationList section */

/* Begin XCRemoteSwiftPackageReference section */
		34605BD52C1B0C43003EA9B0 /* XCRemoteSwiftPackageReference "iCalendarParser" */ = {
			isa = XCRemoteSwiftPackageReference;
			repositoryURL = "https://github.com/dmail-me/iCalendarParser.git";
			requirement = {
				kind = upToNextMajorVersion;
				minimumVersion = 0.2.0;
			};
		};
/* End XCRemoteSwiftPackageReference section */

/* Begin XCSwiftPackageProductDependency section */
		34605BD62C1B0CA6003EA9B0 /* iCalendarParser */ = {
			isa = XCSwiftPackageProductDependency;
			package = 34605BD52C1B0C43003EA9B0 /* XCRemoteSwiftPackageReference "iCalendarParser" */;
			productName = iCalendarParser;
		};
/* End XCSwiftPackageProductDependency section */
	};
	rootObject = 34B2AB412BD7E1F400821D81 /* Project object */;
}
