// !$*UTF8*$!
{
	archiveVersion = 1;
	classes = {
	};
	objectVersion = 56;
	objects = {

/* Begin PBXBuildFile section */
		348D24002BA17B7700985192 /* CluberApp.swift in Sources */ = {isa = PBXBuildFile; fileRef = 348D23FF2BA17B7700985192 /* CluberApp.swift */; };
		348D24022BA17B7700985192 /* ContentView.swift in Sources */ = {isa = PBXBuildFile; fileRef = 348D24012BA17B7700985192 /* ContentView.swift */; };
		348D24042BA17B7800985192 /* Assets.xcassets in Resources */ = {isa = PBXBuildFile; fileRef = 348D24032BA17B7800985192 /* Assets.xcassets */; };
		348D24072BA17B7800985192 /* Preview Assets.xcassets in Resources */ = {isa = PBXBuildFile; fileRef = 348D24062BA17B7800985192 /* Preview Assets.xcassets */; };
		348D24112BA17B7800985192 /* CluberTests.swift in Sources */ = {isa = PBXBuildFile; fileRef = 348D24102BA17B7800985192 /* CluberTests.swift */; };
		348D241B2BA17B7900985192 /* CluberUITests.swift in Sources */ = {isa = PBXBuildFile; fileRef = 348D241A2BA17B7900985192 /* CluberUITests.swift */; };
		348D241D2BA17B7900985192 /* CluberUITestsLaunchTests.swift in Sources */ = {isa = PBXBuildFile; fileRef = 348D241C2BA17B7900985192 /* CluberUITestsLaunchTests.swift */; };
		348D242A2BA17B8300985192 /* MainView.swift in Sources */ = {isa = PBXBuildFile; fileRef = 348D24292BA17B8300985192 /* MainView.swift */; };
		348D242C2BA17BA700985192 /* EventCreatorView.swift in Sources */ = {isa = PBXBuildFile; fileRef = 348D242B2BA17BA700985192 /* EventCreatorView.swift */; };
		348D242E2BA17BC700985192 /* AccountView.swift in Sources */ = {isa = PBXBuildFile; fileRef = 348D242D2BA17BC700985192 /* AccountView.swift */; };
		348D24302BA17BE800985192 /* AccountFramework.swift in Sources */ = {isa = PBXBuildFile; fileRef = 348D242F2BA17BE800985192 /* AccountFramework.swift */; };
/* End PBXBuildFile section */

/* Begin PBXContainerItemProxy section */
		348D240D2BA17B7800985192 /* PBXContainerItemProxy */ = {
			isa = PBXContainerItemProxy;
			containerPortal = 348D23F42BA17B7700985192 /* Project object */;
			proxyType = 1;
			remoteGlobalIDString = 348D23FB2BA17B7700985192;
			remoteInfo = Cluber;
		};
		348D24172BA17B7900985192 /* PBXContainerItemProxy */ = {
			isa = PBXContainerItemProxy;
			containerPortal = 348D23F42BA17B7700985192 /* Project object */;
			proxyType = 1;
			remoteGlobalIDString = 348D23FB2BA17B7700985192;
			remoteInfo = Cluber;
		};
/* End PBXContainerItemProxy section */

/* Begin PBXFileReference section */
		348D23FC2BA17B7700985192 /* Cluber.app */ = {isa = PBXFileReference; explicitFileType = wrapper.application; includeInIndex = 0; path = Cluber.app; sourceTree = BUILT_PRODUCTS_DIR; };
		348D23FF2BA17B7700985192 /* CluberApp.swift */ = {isa = PBXFileReference; lastKnownFileType = sourcecode.swift; path = CluberApp.swift; sourceTree = "<group>"; };
		348D24012BA17B7700985192 /* ContentView.swift */ = {isa = PBXFileReference; lastKnownFileType = sourcecode.swift; path = ContentView.swift; sourceTree = "<group>"; };
		348D24032BA17B7800985192 /* Assets.xcassets */ = {isa = PBXFileReference; lastKnownFileType = folder.assetcatalog; path = Assets.xcassets; sourceTree = "<group>"; };
		348D24062BA17B7800985192 /* Preview Assets.xcassets */ = {isa = PBXFileReference; lastKnownFileType = folder.assetcatalog; path = "Preview Assets.xcassets"; sourceTree = "<group>"; };
		348D240C2BA17B7800985192 /* CluberTests.xctest */ = {isa = PBXFileReference; explicitFileType = wrapper.cfbundle; includeInIndex = 0; path = CluberTests.xctest; sourceTree = BUILT_PRODUCTS_DIR; };
		348D24102BA17B7800985192 /* CluberTests.swift */ = {isa = PBXFileReference; lastKnownFileType = sourcecode.swift; path = CluberTests.swift; sourceTree = "<group>"; };
		348D24162BA17B7900985192 /* CluberUITests.xctest */ = {isa = PBXFileReference; explicitFileType = wrapper.cfbundle; includeInIndex = 0; path = CluberUITests.xctest; sourceTree = BUILT_PRODUCTS_DIR; };
		348D241A2BA17B7900985192 /* CluberUITests.swift */ = {isa = PBXFileReference; lastKnownFileType = sourcecode.swift; path = CluberUITests.swift; sourceTree = "<group>"; };
		348D241C2BA17B7900985192 /* CluberUITestsLaunchTests.swift */ = {isa = PBXFileReference; lastKnownFileType = sourcecode.swift; path = CluberUITestsLaunchTests.swift; sourceTree = "<group>"; };
		348D24292BA17B8300985192 /* MainView.swift */ = {isa = PBXFileReference; lastKnownFileType = sourcecode.swift; path = MainView.swift; sourceTree = "<group>"; };
		348D242B2BA17BA700985192 /* EventCreatorView.swift */ = {isa = PBXFileReference; lastKnownFileType = sourcecode.swift; path = EventCreatorView.swift; sourceTree = "<group>"; };
		348D242D2BA17BC700985192 /* AccountView.swift */ = {isa = PBXFileReference; lastKnownFileType = sourcecode.swift; path = AccountView.swift; sourceTree = "<group>"; };
		348D242F2BA17BE800985192 /* AccountFramework.swift */ = {isa = PBXFileReference; lastKnownFileType = sourcecode.swift; path = AccountFramework.swift; sourceTree = "<group>"; };
/* End PBXFileReference section */

/* Begin PBXFrameworksBuildPhase section */
		348D23F92BA17B7700985192 /* Frameworks */ = {
			isa = PBXFrameworksBuildPhase;
			buildActionMask = 2147483647;
			files = (
			);
			runOnlyForDeploymentPostprocessing = 0;
		};
		348D24092BA17B7800985192 /* Frameworks */ = {
			isa = PBXFrameworksBuildPhase;
			buildActionMask = 2147483647;
			files = (
			);
			runOnlyForDeploymentPostprocessing = 0;
		};
		348D24132BA17B7900985192 /* Frameworks */ = {
			isa = PBXFrameworksBuildPhase;
			buildActionMask = 2147483647;
			files = (
			);
			runOnlyForDeploymentPostprocessing = 0;
		};
/* End PBXFrameworksBuildPhase section */

/* Begin PBXGroup section */
		348D23F32BA17B7700985192 = {
			isa = PBXGroup;
			children = (
				348D23FE2BA17B7700985192 /* Cluber */,
				348D240F2BA17B7800985192 /* CluberTests */,
				348D24192BA17B7900985192 /* CluberUITests */,
				348D23FD2BA17B7700985192 /* Products */,
			);
			sourceTree = "<group>";
		};
		348D23FD2BA17B7700985192 /* Products */ = {
			isa = PBXGroup;
			children = (
				348D23FC2BA17B7700985192 /* Cluber.app */,
				348D240C2BA17B7800985192 /* CluberTests.xctest */,
				348D24162BA17B7900985192 /* CluberUITests.xctest */,
			);
			name = Products;
			sourceTree = "<group>";
		};
		348D23FE2BA17B7700985192 /* Cluber */ = {
			isa = PBXGroup;
			children = (
				348D23FF2BA17B7700985192 /* CluberApp.swift */,
				348D24012BA17B7700985192 /* ContentView.swift */,
				348D242B2BA17BA700985192 /* EventCreatorView.swift */,
				348D242D2BA17BC700985192 /* AccountView.swift */,
				348D242F2BA17BE800985192 /* AccountFramework.swift */,
				348D24292BA17B8300985192 /* MainView.swift */,
				348D24032BA17B7800985192 /* Assets.xcassets */,
				348D24052BA17B7800985192 /* Preview Content */,
			);
			path = Cluber;
			sourceTree = "<group>";
		};
		348D24052BA17B7800985192 /* Preview Content */ = {
			isa = PBXGroup;
			children = (
				348D24062BA17B7800985192 /* Preview Assets.xcassets */,
			);
			path = "Preview Content";
			sourceTree = "<group>";
		};
		348D240F2BA17B7800985192 /* CluberTests */ = {
			isa = PBXGroup;
			children = (
				348D24102BA17B7800985192 /* CluberTests.swift */,
			);
			path = CluberTests;
			sourceTree = "<group>";
		};
		348D24192BA17B7900985192 /* CluberUITests */ = {
			isa = PBXGroup;
			children = (
				348D241A2BA17B7900985192 /* CluberUITests.swift */,
				348D241C2BA17B7900985192 /* CluberUITestsLaunchTests.swift */,
			);
			path = CluberUITests;
			sourceTree = "<group>";
		};
/* End PBXGroup section */

/* Begin PBXNativeTarget section */
		348D23FB2BA17B7700985192 /* Cluber */ = {
			isa = PBXNativeTarget;
			buildConfigurationList = 348D24202BA17B7900985192 /* Build configuration list for PBXNativeTarget "Cluber" */;
			buildPhases = (
				348D23F82BA17B7700985192 /* Sources */,
				348D23F92BA17B7700985192 /* Frameworks */,
				348D23FA2BA17B7700985192 /* Resources */,
			);
			buildRules = (
			);
			dependencies = (
			);
			name = Cluber;
			productName = Cluber;
			productReference = 348D23FC2BA17B7700985192 /* Cluber.app */;
			productType = "com.apple.product-type.application";
		};
		348D240B2BA17B7800985192 /* CluberTests */ = {
			isa = PBXNativeTarget;
			buildConfigurationList = 348D24232BA17B7900985192 /* Build configuration list for PBXNativeTarget "CluberTests" */;
			buildPhases = (
				348D24082BA17B7800985192 /* Sources */,
				348D24092BA17B7800985192 /* Frameworks */,
				348D240A2BA17B7800985192 /* Resources */,
			);
			buildRules = (
			);
			dependencies = (
				348D240E2BA17B7800985192 /* PBXTargetDependency */,
			);
			name = CluberTests;
			productName = CluberTests;
			productReference = 348D240C2BA17B7800985192 /* CluberTests.xctest */;
			productType = "com.apple.product-type.bundle.unit-test";
		};
		348D24152BA17B7900985192 /* CluberUITests */ = {
			isa = PBXNativeTarget;
			buildConfigurationList = 348D24262BA17B7900985192 /* Build configuration list for PBXNativeTarget "CluberUITests" */;
			buildPhases = (
				348D24122BA17B7900985192 /* Sources */,
				348D24132BA17B7900985192 /* Frameworks */,
				348D24142BA17B7900985192 /* Resources */,
			);
			buildRules = (
			);
			dependencies = (
				348D24182BA17B7900985192 /* PBXTargetDependency */,
			);
			name = CluberUITests;
			productName = CluberUITests;
			productReference = 348D24162BA17B7900985192 /* CluberUITests.xctest */;
			productType = "com.apple.product-type.bundle.ui-testing";
		};
/* End PBXNativeTarget section */

/* Begin PBXProject section */
		348D23F42BA17B7700985192 /* Project object */ = {
			isa = PBXProject;
			attributes = {
				BuildIndependentTargetsInParallel = 1;
				LastSwiftUpdateCheck = 1530;
				LastUpgradeCheck = 1530;
				TargetAttributes = {
					348D23FB2BA17B7700985192 = {
						CreatedOnToolsVersion = 15.3;
					};
					348D240B2BA17B7800985192 = {
						CreatedOnToolsVersion = 15.3;
						TestTargetID = 348D23FB2BA17B7700985192;
					};
					348D24152BA17B7900985192 = {
						CreatedOnToolsVersion = 15.3;
						TestTargetID = 348D23FB2BA17B7700985192;
					};
				};
			};
			buildConfigurationList = 348D23F72BA17B7700985192 /* Build configuration list for PBXProject "Cluber" */;
			compatibilityVersion = "Xcode 14.0";
			developmentRegion = en;
			hasScannedForEncodings = 0;
			knownRegions = (
				en,
				Base,
			);
			mainGroup = 348D23F32BA17B7700985192;
			productRefGroup = 348D23FD2BA17B7700985192 /* Products */;
			projectDirPath = "";
			projectRoot = "";
			targets = (
				348D23FB2BA17B7700985192 /* Cluber */,
				348D240B2BA17B7800985192 /* CluberTests */,
				348D24152BA17B7900985192 /* CluberUITests */,
			);
		};
/* End PBXProject section */

/* Begin PBXResourcesBuildPhase section */
		348D23FA2BA17B7700985192 /* Resources */ = {
			isa = PBXResourcesBuildPhase;
			buildActionMask = 2147483647;
			files = (
				348D24072BA17B7800985192 /* Preview Assets.xcassets in Resources */,
				348D24042BA17B7800985192 /* Assets.xcassets in Resources */,
			);
			runOnlyForDeploymentPostprocessing = 0;
		};
		348D240A2BA17B7800985192 /* Resources */ = {
			isa = PBXResourcesBuildPhase;
			buildActionMask = 2147483647;
			files = (
			);
			runOnlyForDeploymentPostprocessing = 0;
		};
		348D24142BA17B7900985192 /* Resources */ = {
			isa = PBXResourcesBuildPhase;
			buildActionMask = 2147483647;
			files = (
			);
			runOnlyForDeploymentPostprocessing = 0;
		};
/* End PBXResourcesBuildPhase section */

/* Begin PBXSourcesBuildPhase section */
		348D23F82BA17B7700985192 /* Sources */ = {
			isa = PBXSourcesBuildPhase;
			buildActionMask = 2147483647;
			files = (
				348D24302BA17BE800985192 /* AccountFramework.swift in Sources */,
				348D242C2BA17BA700985192 /* EventCreatorView.swift in Sources */,
				348D24022BA17B7700985192 /* ContentView.swift in Sources */,
				348D242A2BA17B8300985192 /* MainView.swift in Sources */,
				348D24002BA17B7700985192 /* CluberApp.swift in Sources */,
				348D242E2BA17BC700985192 /* AccountView.swift in Sources */,
			);
			runOnlyForDeploymentPostprocessing = 0;
		};
		348D24082BA17B7800985192 /* Sources */ = {
			isa = PBXSourcesBuildPhase;
			buildActionMask = 2147483647;
			files = (
				348D24112BA17B7800985192 /* CluberTests.swift in Sources */,
			);
			runOnlyForDeploymentPostprocessing = 0;
		};
		348D24122BA17B7900985192 /* Sources */ = {
			isa = PBXSourcesBuildPhase;
			buildActionMask = 2147483647;
			files = (
				348D241B2BA17B7900985192 /* CluberUITests.swift in Sources */,
				348D241D2BA17B7900985192 /* CluberUITestsLaunchTests.swift in Sources */,
			);
			runOnlyForDeploymentPostprocessing = 0;
		};
/* End PBXSourcesBuildPhase section */

/* Begin PBXTargetDependency section */
		348D240E2BA17B7800985192 /* PBXTargetDependency */ = {
			isa = PBXTargetDependency;
			target = 348D23FB2BA17B7700985192 /* Cluber */;
			targetProxy = 348D240D2BA17B7800985192 /* PBXContainerItemProxy */;
		};
		348D24182BA17B7900985192 /* PBXTargetDependency */ = {
			isa = PBXTargetDependency;
			target = 348D23FB2BA17B7700985192 /* Cluber */;
			targetProxy = 348D24172BA17B7900985192 /* PBXContainerItemProxy */;
		};
/* End PBXTargetDependency section */

/* Begin XCBuildConfiguration section */
		348D241E2BA17B7900985192 /* Debug */ = {
			isa = XCBuildConfiguration;
			buildSettings = {
				ALWAYS_SEARCH_USER_PATHS = NO;
				ASSETCATALOG_COMPILER_GENERATE_SWIFT_ASSET_SYMBOL_EXTENSIONS = YES;
				CLANG_ANALYZER_NONNULL = YES;
				CLANG_ANALYZER_NUMBER_OBJECT_CONVERSION = YES_AGGRESSIVE;
				CLANG_CXX_LANGUAGE_STANDARD = "gnu++20";
				CLANG_ENABLE_MODULES = YES;
				CLANG_ENABLE_OBJC_ARC = YES;
				CLANG_ENABLE_OBJC_WEAK = YES;
				CLANG_WARN_BLOCK_CAPTURE_AUTORELEASING = YES;
				CLANG_WARN_BOOL_CONVERSION = YES;
				CLANG_WARN_COMMA = YES;
				CLANG_WARN_CONSTANT_CONVERSION = YES;
				CLANG_WARN_DEPRECATED_OBJC_IMPLEMENTATIONS = YES;
				CLANG_WARN_DIRECT_OBJC_ISA_USAGE = YES_ERROR;
				CLANG_WARN_DOCUMENTATION_COMMENTS = YES;
				CLANG_WARN_EMPTY_BODY = YES;
				CLANG_WARN_ENUM_CONVERSION = YES;
				CLANG_WARN_INFINITE_RECURSION = YES;
				CLANG_WARN_INT_CONVERSION = YES;
				CLANG_WARN_NON_LITERAL_NULL_CONVERSION = YES;
				CLANG_WARN_OBJC_IMPLICIT_RETAIN_SELF = YES;
				CLANG_WARN_OBJC_LITERAL_CONVERSION = YES;
				CLANG_WARN_OBJC_ROOT_CLASS = YES_ERROR;
				CLANG_WARN_QUOTED_INCLUDE_IN_FRAMEWORK_HEADER = YES;
				CLANG_WARN_RANGE_LOOP_ANALYSIS = YES;
				CLANG_WARN_STRICT_PROTOTYPES = YES;
				CLANG_WARN_SUSPICIOUS_MOVE = YES;
				CLANG_WARN_UNGUARDED_AVAILABILITY = YES_AGGRESSIVE;
				CLANG_WARN_UNREACHABLE_CODE = YES;
				CLANG_WARN__DUPLICATE_METHOD_MATCH = YES;
				COPY_PHASE_STRIP = NO;
				DEBUG_INFORMATION_FORMAT = dwarf;
				ENABLE_STRICT_OBJC_MSGSEND = YES;
				ENABLE_TESTABILITY = YES;
				ENABLE_USER_SCRIPT_SANDBOXING = YES;
				GCC_C_LANGUAGE_STANDARD = gnu17;
				GCC_DYNAMIC_NO_PIC = NO;
				GCC_NO_COMMON_BLOCKS = YES;
				GCC_OPTIMIZATION_LEVEL = 0;
				GCC_PREPROCESSOR_DEFINITIONS = (
					"DEBUG=1",
					"$(inherited)",
				);
				GCC_WARN_64_TO_32_BIT_CONVERSION = YES;
				GCC_WARN_ABOUT_RETURN_TYPE = YES_ERROR;
				GCC_WARN_UNDECLARED_SELECTOR = YES;
				GCC_WARN_UNINITIALIZED_AUTOS = YES_AGGRESSIVE;
				GCC_WARN_UNUSED_FUNCTION = YES;
				GCC_WARN_UNUSED_VARIABLE = YES;
				IPHONEOS_DEPLOYMENT_TARGET = 17.4;
				LOCALIZATION_PREFERS_STRING_CATALOGS = YES;
				MTL_ENABLE_DEBUG_INFO = INCLUDE_SOURCE;
				MTL_FAST_MATH = YES;
				ONLY_ACTIVE_ARCH = YES;
				SDKROOT = iphoneos;
				SWIFT_ACTIVE_COMPILATION_CONDITIONS = "DEBUG $(inherited)";
				SWIFT_OPTIMIZATION_LEVEL = "-Onone";
			};
			name = Debug;
		};
		348D241F2BA17B7900985192 /* Release */ = {
			isa = XCBuildConfiguration;
			buildSettings = {
				ALWAYS_SEARCH_USER_PATHS = NO;
				ASSETCATALOG_COMPILER_GENERATE_SWIFT_ASSET_SYMBOL_EXTENSIONS = YES;
				CLANG_ANALYZER_NONNULL = YES;
				CLANG_ANALYZER_NUMBER_OBJECT_CONVERSION = YES_AGGRESSIVE;
				CLANG_CXX_LANGUAGE_STANDARD = "gnu++20";
				CLANG_ENABLE_MODULES = YES;
				CLANG_ENABLE_OBJC_ARC = YES;
				CLANG_ENABLE_OBJC_WEAK = YES;
				CLANG_WARN_BLOCK_CAPTURE_AUTORELEASING = YES;
				CLANG_WARN_BOOL_CONVERSION = YES;
				CLANG_WARN_COMMA = YES;
				CLANG_WARN_CONSTANT_CONVERSION = YES;
				CLANG_WARN_DEPRECATED_OBJC_IMPLEMENTATIONS = YES;
				CLANG_WARN_DIRECT_OBJC_ISA_USAGE = YES_ERROR;
				CLANG_WARN_DOCUMENTATION_COMMENTS = YES;
				CLANG_WARN_EMPTY_BODY = YES;
				CLANG_WARN_ENUM_CONVERSION = YES;
				CLANG_WARN_INFINITE_RECURSION = YES;
				CLANG_WARN_INT_CONVERSION = YES;
				CLANG_WARN_NON_LITERAL_NULL_CONVERSION = YES;
				CLANG_WARN_OBJC_IMPLICIT_RETAIN_SELF = YES;
				CLANG_WARN_OBJC_LITERAL_CONVERSION = YES;
				CLANG_WARN_OBJC_ROOT_CLASS = YES_ERROR;
				CLANG_WARN_QUOTED_INCLUDE_IN_FRAMEWORK_HEADER = YES;
				CLANG_WARN_RANGE_LOOP_ANALYSIS = YES;
				CLANG_WARN_STRICT_PROTOTYPES = YES;
				CLANG_WARN_SUSPICIOUS_MOVE = YES;
				CLANG_WARN_UNGUARDED_AVAILABILITY = YES_AGGRESSIVE;
				CLANG_WARN_UNREACHABLE_CODE = YES;
				CLANG_WARN__DUPLICATE_METHOD_MATCH = YES;
				COPY_PHASE_STRIP = NO;
				DEBUG_INFORMATION_FORMAT = "dwarf-with-dsym";
				ENABLE_NS_ASSERTIONS = NO;
				ENABLE_STRICT_OBJC_MSGSEND = YES;
				ENABLE_USER_SCRIPT_SANDBOXING = YES;
				GCC_C_LANGUAGE_STANDARD = gnu17;
				GCC_NO_COMMON_BLOCKS = YES;
				GCC_WARN_64_TO_32_BIT_CONVERSION = YES;
				GCC_WARN_ABOUT_RETURN_TYPE = YES_ERROR;
				GCC_WARN_UNDECLARED_SELECTOR = YES;
				GCC_WARN_UNINITIALIZED_AUTOS = YES_AGGRESSIVE;
				GCC_WARN_UNUSED_FUNCTION = YES;
				GCC_WARN_UNUSED_VARIABLE = YES;
				IPHONEOS_DEPLOYMENT_TARGET = 17.4;
				LOCALIZATION_PREFERS_STRING_CATALOGS = YES;
				MTL_ENABLE_DEBUG_INFO = NO;
				MTL_FAST_MATH = YES;
				SDKROOT = iphoneos;
				SWIFT_COMPILATION_MODE = wholemodule;
				VALIDATE_PRODUCT = YES;
			};
			name = Release;
		};
		348D24212BA17B7900985192 /* Debug */ = {
			isa = XCBuildConfiguration;
			buildSettings = {
				ASSETCATALOG_COMPILER_APPICON_NAME = AppIcon;
				ASSETCATALOG_COMPILER_GLOBAL_ACCENT_COLOR_NAME = AccentColor;
				CODE_SIGN_STYLE = Automatic;
				CURRENT_PROJECT_VERSION = 1;
				DEVELOPMENT_ASSET_PATHS = "\"Cluber/Preview Content\"";
				DEVELOPMENT_TEAM = RASZ5V56S7;
				ENABLE_PREVIEWS = YES;
				GENERATE_INFOPLIST_FILE = YES;
				INFOPLIST_KEY_UIApplicationSceneManifest_Generation = YES;
				INFOPLIST_KEY_UIApplicationSupportsIndirectInputEvents = YES;
				INFOPLIST_KEY_UILaunchScreen_Generation = YES;
				INFOPLIST_KEY_UISupportedInterfaceOrientations_iPad = "UIInterfaceOrientationPortrait UIInterfaceOrientationPortraitUpsideDown UIInterfaceOrientationLandscapeLeft UIInterfaceOrientationLandscapeRight";
				INFOPLIST_KEY_UISupportedInterfaceOrientations_iPhone = "UIInterfaceOrientationPortrait UIInterfaceOrientationLandscapeLeft UIInterfaceOrientationLandscapeRight";
				LD_RUNPATH_SEARCH_PATHS = (
					"$(inherited)",
					"@executable_path/Frameworks",
				);
				MARKETING_VERSION = 1.0;
				PRODUCT_BUNDLE_IDENTIFIER = "Oliver-Park.Cluber";
				PRODUCT_NAME = "$(TARGET_NAME)";
				SWIFT_EMIT_LOC_STRINGS = YES;
				SWIFT_VERSION = 5.0;
				TARGETED_DEVICE_FAMILY = "1,2";
			};
			name = Debug;
		};
		348D24222BA17B7900985192 /* Release */ = {
			isa = XCBuildConfiguration;
			buildSettings = {
				ASSETCATALOG_COMPILER_APPICON_NAME = AppIcon;
				ASSETCATALOG_COMPILER_GLOBAL_ACCENT_COLOR_NAME = AccentColor;
				CODE_SIGN_STYLE = Automatic;
				CURRENT_PROJECT_VERSION = 1;
				DEVELOPMENT_ASSET_PATHS = "\"Cluber/Preview Content\"";
				DEVELOPMENT_TEAM = RASZ5V56S7;
				ENABLE_PREVIEWS = YES;
				GENERATE_INFOPLIST_FILE = YES;
				INFOPLIST_KEY_UIApplicationSceneManifest_Generation = YES;
				INFOPLIST_KEY_UIApplicationSupportsIndirectInputEvents = YES;
				INFOPLIST_KEY_UILaunchScreen_Generation = YES;
				INFOPLIST_KEY_UISupportedInterfaceOrientations_iPad = "UIInterfaceOrientationPortrait UIInterfaceOrientationPortraitUpsideDown UIInterfaceOrientationLandscapeLeft UIInterfaceOrientationLandscapeRight";
				INFOPLIST_KEY_UISupportedInterfaceOrientations_iPhone = "UIInterfaceOrientationPortrait UIInterfaceOrientationLandscapeLeft UIInterfaceOrientationLandscapeRight";
				LD_RUNPATH_SEARCH_PATHS = (
					"$(inherited)",
					"@executable_path/Frameworks",
				);
				MARKETING_VERSION = 1.0;
				PRODUCT_BUNDLE_IDENTIFIER = "Oliver-Park.Cluber";
				PRODUCT_NAME = "$(TARGET_NAME)";
				SWIFT_EMIT_LOC_STRINGS = YES;
				SWIFT_VERSION = 5.0;
				TARGETED_DEVICE_FAMILY = "1,2";
			};
			name = Release;
		};
		348D24242BA17B7900985192 /* Debug */ = {
			isa = XCBuildConfiguration;
			buildSettings = {
				ALWAYS_EMBED_SWIFT_STANDARD_LIBRARIES = YES;
				BUNDLE_LOADER = "$(TEST_HOST)";
				CODE_SIGN_STYLE = Automatic;
				CURRENT_PROJECT_VERSION = 1;
				DEVELOPMENT_TEAM = RASZ5V56S7;
				GENERATE_INFOPLIST_FILE = YES;
				IPHONEOS_DEPLOYMENT_TARGET = 17.4;
				MARKETING_VERSION = 1.0;
				PRODUCT_BUNDLE_IDENTIFIER = "Oliver-Park.CluberTests";
				PRODUCT_NAME = "$(TARGET_NAME)";
				SWIFT_EMIT_LOC_STRINGS = NO;
				SWIFT_VERSION = 5.0;
				TARGETED_DEVICE_FAMILY = "1,2";
				TEST_HOST = "$(BUILT_PRODUCTS_DIR)/Cluber.app/$(BUNDLE_EXECUTABLE_FOLDER_PATH)/Cluber";
			};
			name = Debug;
		};
		348D24252BA17B7900985192 /* Release */ = {
			isa = XCBuildConfiguration;
			buildSettings = {
				ALWAYS_EMBED_SWIFT_STANDARD_LIBRARIES = YES;
				BUNDLE_LOADER = "$(TEST_HOST)";
				CODE_SIGN_STYLE = Automatic;
				CURRENT_PROJECT_VERSION = 1;
				DEVELOPMENT_TEAM = RASZ5V56S7;
				GENERATE_INFOPLIST_FILE = YES;
				IPHONEOS_DEPLOYMENT_TARGET = 17.4;
				MARKETING_VERSION = 1.0;
				PRODUCT_BUNDLE_IDENTIFIER = "Oliver-Park.CluberTests";
				PRODUCT_NAME = "$(TARGET_NAME)";
				SWIFT_EMIT_LOC_STRINGS = NO;
				SWIFT_VERSION = 5.0;
				TARGETED_DEVICE_FAMILY = "1,2";
				TEST_HOST = "$(BUILT_PRODUCTS_DIR)/Cluber.app/$(BUNDLE_EXECUTABLE_FOLDER_PATH)/Cluber";
			};
			name = Release;
		};
		348D24272BA17B7900985192 /* Debug */ = {
			isa = XCBuildConfiguration;
			buildSettings = {
				ALWAYS_EMBED_SWIFT_STANDARD_LIBRARIES = YES;
				CODE_SIGN_STYLE = Automatic;
				CURRENT_PROJECT_VERSION = 1;
				DEVELOPMENT_TEAM = RASZ5V56S7;
				GENERATE_INFOPLIST_FILE = YES;
				MARKETING_VERSION = 1.0;
				PRODUCT_BUNDLE_IDENTIFIER = "Oliver-Park.CluberUITests";
				PRODUCT_NAME = "$(TARGET_NAME)";
				SWIFT_EMIT_LOC_STRINGS = NO;
				SWIFT_VERSION = 5.0;
				TARGETED_DEVICE_FAMILY = "1,2";
				TEST_TARGET_NAME = Cluber;
			};
			name = Debug;
		};
		348D24282BA17B7900985192 /* Release */ = {
			isa = XCBuildConfiguration;
			buildSettings = {
				ALWAYS_EMBED_SWIFT_STANDARD_LIBRARIES = YES;
				CODE_SIGN_STYLE = Automatic;
				CURRENT_PROJECT_VERSION = 1;
				DEVELOPMENT_TEAM = RASZ5V56S7;
				GENERATE_INFOPLIST_FILE = YES;
				MARKETING_VERSION = 1.0;
				PRODUCT_BUNDLE_IDENTIFIER = "Oliver-Park.CluberUITests";
				PRODUCT_NAME = "$(TARGET_NAME)";
				SWIFT_EMIT_LOC_STRINGS = NO;
				SWIFT_VERSION = 5.0;
				TARGETED_DEVICE_FAMILY = "1,2";
				TEST_TARGET_NAME = Cluber;
			};
			name = Release;
		};
/* End XCBuildConfiguration section */

/* Begin XCConfigurationList section */
		348D23F72BA17B7700985192 /* Build configuration list for PBXProject "Cluber" */ = {
			isa = XCConfigurationList;
			buildConfigurations = (
				348D241E2BA17B7900985192 /* Debug */,
				348D241F2BA17B7900985192 /* Release */,
			);
			defaultConfigurationIsVisible = 0;
			defaultConfigurationName = Release;
		};
		348D24202BA17B7900985192 /* Build configuration list for PBXNativeTarget "Cluber" */ = {
			isa = XCConfigurationList;
			buildConfigurations = (
				348D24212BA17B7900985192 /* Debug */,
				348D24222BA17B7900985192 /* Release */,
			);
			defaultConfigurationIsVisible = 0;
			defaultConfigurationName = Release;
		};
		348D24232BA17B7900985192 /* Build configuration list for PBXNativeTarget "CluberTests" */ = {
			isa = XCConfigurationList;
			buildConfigurations = (
				348D24242BA17B7900985192 /* Debug */,
				348D24252BA17B7900985192 /* Release */,
			);
			defaultConfigurationIsVisible = 0;
			defaultConfigurationName = Release;
		};
		348D24262BA17B7900985192 /* Build configuration list for PBXNativeTarget "CluberUITests" */ = {
			isa = XCConfigurationList;
			buildConfigurations = (
				348D24272BA17B7900985192 /* Debug */,
				348D24282BA17B7900985192 /* Release */,
			);
			defaultConfigurationIsVisible = 0;
			defaultConfigurationName = Release;
		};
/* End XCConfigurationList section */
	};
	rootObject = 348D23F42BA17B7700985192 /* Project object */;
}
